{
  "name": "maidaid",
  "version": "0.1.0",
  "lockfileVersion": 3,
  "requires": true,
  "packages": {
    "": {
      "name": "maidaid",
      "version": "0.1.0",
      "dependencies": {
        "@fastify/rate-limit": "^10.0.0",
        "@fastify/static": "^8.0.0",
        "dotenv": "^17.0.0",
        "fastify": "^5.0.0",
        "pg": "^8.16.3",
        "zod": "^4.0.0"
      },
      "devDependencies": {
        "@types/node": "^24.0.0",
        "@types/pg": "^8.15.5",
        "tsx": "^4.20.0",
        "typescript": "^5.8.0",
        "vitest": "^3.2.0"
      },
      "engines": {
        "node": ">=22"
      }
    },
    "node_modules/@esbuild/aix-ppc64": {
      "version": "0.28.1",
      "resolved": "https://registry.npmjs.org/@esbuild/aix-ppc64/-/aix-ppc64-0.28.1.tgz",
      "integrity": "sha512-Svl7tq8k/08+p6CXPpRjQ1fKX+1odH/BQbb48fV6fj3CWHhsoIOoY87w1oHXm0qEpkIK3ZfVgp0hed3XBXzXMQ==",
      "cpu": [
        "ppc64"
      ],
      "dev": true,
      "license": "MIT",
      "optional": true,
      "os": [
        "aix"
      ],
      "engines": {
        "node": ">=18"
      }
    },
    "node_modules/@esbuild/android-arm": {
      "version": "0.28.1",
      "resolved": "https://registry.npmjs.org/@esbuild/android-arm/-/android-arm-0.28.1.tgz",
      "integrity": "sha512-0k2F129Xdio1TdJfzJ8sy1Q47vUD2NnwdhiAf7drUN1EBTfPf4hsFCtmMgu/6m8JSzsBrlmVjudMBQqOfG8usQ==",
      "cpu": [
        "arm"
      ],
      "dev": true,
      "license": "MIT",
      "optional": true,
      "os": [
        "android"
      ],
      "engines": {
        "node": ">=18"
      }
    },
    "node_modules/@esbuild/android-arm64": {
      "version": "0.28.1",
      "resolved": "https://registry.npmjs.org/@esbuild/android-arm64/-/android-arm64-0.28.1.tgz",
      "integrity": "sha512-34EGEbCIAgosYz6goLcopX6Mo7NyGv9tfwEM2/7Ce2VcVRk568iSvniGWcUXIy7wEDR1wzolcxcriFVrWYcwBg==",
      "cpu": [
        "arm64"
      ],
      "dev": true,
      "license": "MIT",
      "optional": true,
      "os": [
        "android"
      ],
      "engines": {
        "node": ">=18"
      }
    },
    "node_modules/@esbuild/android-x64": {
      "version": "0.28.1",
      "resolved": "https://registry.npmjs.org/@esbuild/android-x64/-/android-x64-0.28.1.tgz",
      "integrity": "sha512-dbwY7ltSMDWsRatcRpCnES4F+im88OCUgGZjy52shC7GqHRE/cYlxNbB4Z4UpJswpcc4Qxd2oE/ufM0p61IKng==",
      "cpu": [
        "x64"
      ],
      "dev": true,
      "license": "MIT",
      "optional": true,
      "os": [
        "android"
      ],
      "engines": {
        "node": ">=18"
      }
    },
    "node_modules/@esbuild/darwin-arm64": {
      "version": "0.28.1",
      "resolved": "https://registry.npmjs.org/@esbuild/darwin-arm64/-/darwin-arm64-0.28.1.tgz",
      "integrity": "sha512-TZbWkQY7kvTAXbXUT7uVACR5cMHsDiSz9z7ZKAX/RTq/WJEk3QyRr0wZpNhBDX+/0CtdqUIJlOiodQcta6tY3Q==",
      "cpu": [
        "arm64"
      ],
      "dev": true,
      "license": "MIT",
      "optional": true,
      "os": [
        "darwin"
      ],
      "engines": {
        "node": ">=18"
      }
    },
    "node_modules/@esbuild/darwin-x64": {
      "version": "0.28.1",
      "resolved": "https://registry.npmjs.org/@esbuild/darwin-x64/-/darwin-x64-0.28.1.tgz",
      "integrity": "sha512-zfdzgK9ACBNZLI/CyHTOx81SyNbM6YXn7rxSgX97VjyiPl9W1i4Ka4fgKECEoFCKGpvBj5qArWIGgQjOwkgskQ==",
      "cpu": [
        "x64"
      ],
      "dev": true,
      "license": "MIT",
      "optional": true,
      "os": [
        "darwin"
      ],
      "engines": {
        "node": ">=18"
      }
    },
    "node_modules/@esbuild/freebsd-arm64": {
      "version": "0.28.1",
      "resolved": "https://registry.npmjs.org/@esbuild/freebsd-arm64/-/freebsd-arm64-0.28.1.tgz",
      "integrity": "sha512-wG2EA8ENdEI0qhkSZMjfqrdY+ziCYCPMmtZjjIwOmXFjmyzEHn+UUxk5of+SYsjtfs3VpnlC7QLzSI5hY/rOAw==",
      "cpu": [
        "arm64"
      ],
      "dev": true,
      "license": "MIT",
      "optional": true,
      "os": [
        "freebsd"
      ],
      "engines": {
        "node": ">=18"
      }
    },
    "node_modules/@esbuild/freebsd-x64": {
      "version": "0.28.1",
      "resolved": "https://registry.npmjs.org/@esbuild/freebsd-x64/-/freebsd-x64-0.28.1.tgz",
      "integrity": "sha512-i7dZ9vQgnvSCzi/rYCXNgtF/U+eKZNJBzu3eTQbRgHnM7tNSizLOkRFAl3qzVc/Op/u5YkHHa4pf/3DOYHthLQ==",
      "cpu": [
        "x64"
      ],
      "dev": true,
      "license": "MIT",
      "optional": true,
      "os": [
        "freebsd"
      ],
      "engines": {
        "node": ">=18"
      }
    },
    "node_modules/@esbuild/linux-arm": {
      "version": "0.28.1",
      "resolved": "https://registry.npmjs.org/@esbuild/linux-arm/-/linuó^5¶‰žËkºwµçXMLL‹\ÝQZ“”YÍÎ“RÌ•VMQÊÓÐUÊÒT›ŠÊÕ‘V
Ó
ÝU[]Û›Þ’ÑÝMLV›JÞ•ÚœÛœM’ŽPÍZ]’ËÔOOH‹ˆ›XÙ[œÙHŽˆ“RU‹ˆ™[™Ú[™\ÈŽˆÂˆ››ÙHŽˆLŒLŒ‚ˆBˆKˆ››ÙWÛ[Ù[\ËÜÜÝÜ™\ËZ[\˜[ŽˆÂˆ™\œÚ[ÛˆŽˆŒKŒ‹Œ‹ˆœ™\ÛÛ™YŽˆšÎ‹ËÜ™YÚ\ÝžK›œZœË›Ü™ËÜÜÝÜ™\ËZ[\˜[ËKÜÜÝÜ™\ËZ[\˜[LKŒ‹ŒÞˆ‹ˆš[YÜš]HŽˆœÚMLL‹NVšÓKÜÌÍLŒ[ÝUÒ‘Þ‘ÚÔÓ’ÛžSLžM“]ÜÙÎ•ÛŽZ‹ØRÌ”Ý›Þ\‹Ô‘\^˜šÖ”OOH‹ˆ›XÙ[œÙHŽˆ“RU‹ˆ™\[™[˜ÚY\ÈŽˆÂˆž[™Žˆ—ŒŒ‚ˆKˆ™[™Ú[™\ÈŽˆÂˆ››ÙHŽˆLŒLŒ‚ˆBˆKˆ››ÙWÛ[Ù[\ËÜ›ØÙ\ÜË]Ø\›š[™ÈŽˆÂˆ™\œÚ[ÛˆŽˆKŒŒ‹ˆ™[™[™ÈŽˆÂˆÂˆ\HŽˆ™Ú]Xˆ‹ˆ\›ŽˆšÎ‹ËÙÚ]X‹˜ÛÛKÜÜÛœÛÜœËÙ˜\ÝYžH‚ˆKˆÂˆ\HŽˆ›Ü[˜ÛÛXÝ]™H‹ˆ\›ŽˆšÎ‹ËÛÜ[˜ÛÛXÝ]™K˜ÛÛKÙ˜\ÝYžH‚ˆBˆKˆ›XÙ[œÙHŽˆ“RU‚ˆKˆ››ÙWÛ[Ù[\ËÜ]ZXÚËY›Ü›X]][™\ØØ\YŽˆÂˆ™\œÚ[ÛˆŽˆŒ‹ˆ›XÙ[œÙHŽˆ“RU‚ˆKˆ››ÙWÛ[Ù[\ËÜ™X[\™\]Z\™HŽˆÂˆ™\œÚ[ÛˆŽˆŒŒ‹Œ‹ˆ›XÙ[œÙHŽˆ“RU‹ˆ™[™Ú[™\ÈŽˆÂˆ››ÙHŽˆHL‹ŒLËŒ‚ˆBˆKˆ››ÙWÛ[Ù[\ËÜ™\]Z\™KYœ›ÛK\Ýš[™ÈŽˆÂˆ™\œÚ[ÛˆŽˆŒ‹ŒŒˆ‹ˆ›XÙ[œÙHŽˆ“RU‹ˆ™[™Ú[™\ÈŽˆÂˆ››ÙHŽˆLŒLŒ‚ˆBˆKˆ››ÙWÛ[Ù[\ËÜ™]ŽˆÂˆ™\œÚ[ÛˆŽˆŒKŒ‹ˆ›XÙ[œÙHŽˆ“RU‹ˆ™[™Ú[™\ÈŽˆÂˆ››ÙHŽˆLL‚ˆBˆKˆ››ÙWÛ[Ù[\ËÜ™]\ÚYžHŽˆÂˆ™\œÚ[ÛˆŽˆŒKŒKŒ‹ˆ›XÙ[œÙHŽˆ“RU‹ˆ™[™Ú[™\ÈŽˆÂˆš[ÚœÈŽˆLKŒŒ‹ˆ››ÙHŽˆLŒLŒ‚ˆBˆKˆ››ÙWÛ[Ù[\ËÜ™™ÈŽˆÂˆ™\œÚ[ÛˆŽˆŒKŒH‹ˆ›XÙ[œÙHŽˆ“RU‚ˆKˆ››ÙWÛ[Ù[\ËÜ›Û\ŽˆÂˆ™\œÚ[ÛˆŽˆŒ‹Œˆ‹ˆ™]ˆŽˆYKˆ›XÙ[œÙHŽˆ“RU‹ˆ™\[™[˜ÚY\ÈŽˆÂˆ\\ËÙ\Ý™YHŽˆŒKŒŽH‚ˆKˆ˜š[ˆŽˆÂˆœ›Û\Žˆ™\ÝØš[‹Ü›Û\‚ˆKˆ™[™Ú[™\ÈŽˆÂˆ››ÙHŽˆLNŒŒ‹ˆ›œHŽˆNŒŒ‚ˆKˆ›Ü[Û˜[\[™[˜ÚY\ÈŽˆÂˆ›Û\Ü›Û\X[™›ÚYX\›KYXXšHŽˆŒ‹Œˆ‹ˆ›Û\Ü›Û\X[™›ÚYX\›MŽˆŒ‹Œˆ‹ˆ›Û\Ü›Û\Y\Ú[‹X\›MŽˆŒ‹Œˆ‹ˆ›Û\Ü›Û\Y\Ú[‹^ŽˆŒ‹Œˆ‹ˆ›Û\Ü›Û\Yœ™YXœÙX\›MŽˆŒ‹Œˆ‹ˆ›Û\Ü›Û\Yœ™YXœÙ^ŽˆŒ‹Œˆ‹ˆ›Û\Ü›Û\[[^X\›KYÛYXXšZˆŽˆŒ‹Œˆ‹ˆ›Û\Ü›Û\[[^X\›K[]\ÛXXšZˆŽˆŒ‹Œˆ‹ˆ›Û\Ü›Û\[[^X\›MYÛHŽˆŒ‹Œˆ‹ˆ›Û\Ü›Û\[[^X\›M[]\ÛŽˆŒ‹Œˆ‹ˆ›Û\Ü›Û\[[^[ÛÛ™ÍYÛHŽˆŒ‹Œˆ‹ˆ›Û\Ü›Û\[[^[ÛÛ™Í[]\ÛŽˆŒ‹Œˆ‹ˆ›Û\Ü›Û\[[^\ÍYÛHŽˆŒ‹Œˆ‹ˆ›Û\Ü›Û\[[^\Í[]\ÛŽˆŒ‹Œˆ‹ˆ›Û\Ü›Û\[[^\š\ØÝYÛHŽˆŒ‹Œˆ‹ˆ›Û\Ü›Û\[[^\š\ØÝ[]\ÛŽˆŒ‹Œˆ‹ˆ›Û\Ü›Û\[[^\ÌÎLYÛHŽˆŒ‹Œˆ‹ˆ›Û\Ü›Û\[[^^YÛHŽˆŒ‹Œˆ‹ˆ›Û\Ü›Û\[[^^[]\ÛŽˆŒ‹Œˆ‹ˆ›Û\Ü›Û\[Ü[˜œÙ^ŽˆŒ‹Œˆ‹ˆ›Û\Ü›Û\[Ü[š\›[ÛžKX\›MŽˆŒ‹Œˆ‹ˆ›Û\Ü›Û\]Ú[ŒÌ‹X\›M[\Ý˜ÈŽˆŒ‹Œˆ‹ˆ›Û\Ü›Û\]Ú[ŒÌ‹ZXLÌ‹[\Ý˜ÈŽˆŒ‹Œˆ‹ˆ›Û\Ü›Û\]Ú[ŒÌ‹^YÛHŽˆŒ‹Œˆ‹ˆ›Û\Ü›Û\]Ú[ŒÌ‹^[\Ý˜ÈŽˆŒ‹Œˆ‹ˆ™œÙ]™[ÈŽˆŸŒ‹ŒËŒˆ‚ˆBˆKˆ››ÙWÛ[Ù[\ËÜØY™KXY™™\ˆŽˆÂˆ™\œÚ[ÛˆŽˆKŒ‹ŒH‹ˆ™[™[™ÈŽˆÂˆÂˆ\HŽˆ™Ú]Xˆ‹ˆ\›ŽˆšÎ‹ËÙÚ]X‹˜ÛÛKÜÜÛœÛÜœËÙ™\›ÜÜÈ‚ˆKˆÂˆ\HŽˆœ]™[Ûˆ‹ˆ\›ŽˆšÎ‹ËÝÝÝËœ]™[Û‹˜ÛÛKÙ™\›ÜÜÈ‚ˆKˆÂˆ\HŽˆ˜ÛÛœÝ[[™È‹ˆ\›ŽˆšÎ‹ËÙ™\›ÜÜË›Ü™ËÜÝ\Ü‚ˆBˆKˆ›XÙ[œÙHŽˆ“RU‚ˆKˆ››ÙWÛ[Ù[\ËÜØY™K\™YÙ^ˆŽˆÂˆ™\œÚ[ÛˆŽˆKŒKŒH‹ˆ™[™[™ÈŽˆÂˆÂˆ\HŽˆ™Ú]Xˆ‹ˆ\›ŽˆšÎ‹ËÙÚ]X‹˜ÛÛKÜÜÛœÛÜœËÙ˜\ÝYžH‚ˆKˆÂˆ\HŽˆ›Ü[˜ÛÛXÝ]™H‹ˆ\›ŽˆšÎ‹ËÛÜ[˜ÛÛXÝ]™K˜ÛÛKÙ˜\ÝYžH‚ˆBˆKˆ›XÙ[œÙHŽˆ“RU‹ˆ™\[™[˜ÚY\ÈŽˆÂˆœ™]ŽˆŸŒKŒ‚ˆKˆ˜š[ˆŽˆÂˆœØY™K\™YÙ^ˆŽˆ˜š[‹ÜØY™K\™YÙ^‹šœÈ‚ˆBˆKˆ››ÙWÛ[Ù[\ËÜØY™K\ÝX›K\Ýš[™ÚYžHŽˆÂˆ™\œÚ[ÛˆŽˆŒ‹KŒ‹ˆ›XÙ[œÙHŽˆ“RU‹ˆ™[™Ú[™\ÈŽˆÂˆ››ÙHŽˆLL‚ˆBˆKˆ››ÙWÛ[Ù[\ËÜÙXÝ\™KZœÛÛ‹\\œÙHŽˆÂˆ™\œÚ[ÛˆŽˆŒKŒ‹ˆ™[™[™ÈŽˆÂˆÂˆ\HŽˆ™Ú]Xˆ‹ˆ\›ŽˆšÎ‹ËÙÚ]X‹˜ÛÛKÜÜÛœÛÜœËÙ˜\ÝYžH‚ˆKˆÂˆ\HŽˆ›Ü[˜ÛÛXÝ]™H‹ˆ\›ŽˆšÎ‹ËÛÜ[˜ÛÛXÝ]™K˜ÛÛKÙ˜\ÝYžH‚ˆBˆKˆ›XÙ[œÙHŽˆ”ÑLËPÛ]\ÙH‚ˆKˆ››ÙWÛ[Ù[\ËÜÙ[]™\ˆŽˆÂˆ™\œÚ[ÛˆŽˆËŽH‹ˆ›XÙ[œÙHŽˆ’TÐÈ‹ˆ˜š[ˆŽˆÂˆœÙ[]™\ˆŽˆ˜š[‹ÜÙ[]™\‹šœÈ‚ˆKˆ™[™Ú[™\ÈŽˆÂˆ››ÙHŽˆLL‚ˆBˆKˆ››ÙWÛ[Ù[\ËÜÙ]XÛÛÚÚYK\\œÙ\ˆŽˆÂˆ™\œÚ[ÛˆŽˆŒ‹ËŒˆ‹ˆ›XÙ[œÙHŽˆ“RU‚ˆKˆ››ÙWÛ[Ù[\ËÜÙ]›ÝÝ\[ÙˆŽˆÂˆ™\œÚ[ÛˆŽˆŒKŒ‹Œ‹ˆ›XÙ[œÙHŽˆ’TÐÈ‚ˆKˆ››ÙWÛ[Ù[\ËÜÚX˜[™ËXÛÛ[X[™ŽˆÂˆ™\œÚ[ÛˆŽˆŒ‹ŒŒ‹ˆ›XÙ[œÙHŽˆ“RU‹ˆ™\[™[˜ÚY\ÈŽˆÂˆœÚX˜[™Ë\™YÙ^Žˆ—ŒËŒŒ‚ˆKˆ™[™Ú[™\ÈŽˆÂˆ››ÙHŽˆN‚ˆBˆKˆ››ÙWÛ[Ù[\ËÜÚX˜[™Ë\™YÙ^ŽˆÂˆ™\œÚ[ÛˆŽˆŒËŒŒ‹ˆ›XÙ[œÙHŽˆ“RU‹ˆ™[™Ú[™\ÈŽˆÂˆ››ÙHŽˆN‚ˆBˆKˆ››ÙWÛ[Ù[\ËÜÚYÚ[™›ÈŽˆÂˆ™\œÚ[ÛˆŽˆŒ‹ŒŒ‹ˆ™]ˆŽˆYKˆ›XÙ[œÙHŽˆ’TÐÈ‚ˆKˆ››ÙWÛ[Ù[\ËÜÚYÛ˜[Y^]ŽˆÂˆ™\œÚ[ÛˆŽˆŒKŒ‹ˆ›XÙ[œÙHŽˆ’TÐÈ‹ˆ™[™Ú[™\ÈŽˆÂˆ››ÙHŽˆLM‚ˆKˆ™[™[™ÈŽˆÂˆ\›ŽˆšÎ‹ËÙÚ]X‹˜ÛÛKÜÜÛœÛÜœËÚ\ØXXÜÈ‚ˆBˆKˆ››ÙWÛ[Ù[\ËÜÛÛšXËX›ÛÛHŽˆÂˆ™\œÚ[ÛˆŽˆŒ‹ŒH‹ˆ›XÙ[œÙHŽˆ“RU‹ˆ™\[™[˜ÚY\ÈŽˆÂˆ˜]ÛZXË\ÛY\Žˆ—ŒKŒŒ‚ˆBˆKˆ››ÙWÛ[Ù[\ËÜÛÝ\˜ÙK[X\ZœÈŽˆÂˆ™\œÚ[ÛˆŽˆŒKŒ‹ŒH‹ˆ™]ˆŽˆYKˆ›XÙ[œÙHŽˆ”ÑLËPÛ]\ÙH‹ˆ™[™Ú[™\ÈŽˆÂˆ››ÙHŽˆLŒLŒ‚ˆBˆKˆ››ÙWÛ[Ù[\ËÜÜ]ˆŽˆÂˆ™\œÚ[ÛˆŽˆŒ‹Œ‹ˆ›XÙ[œÙHŽˆ’TÐÈ‹ˆ™[™Ú[™\ÈŽˆÂˆ››ÙHŽˆHLž‚ˆBˆKˆ››ÙWÛ[Ù[\ËÜÝXÚØ˜XÚÈŽˆÂˆ™\œÚ[ÛˆŽˆŒŒŒˆ‹ˆ™]ˆŽˆYKˆ›XÙ[œÙHŽˆ“RU‚ˆKˆ››ÙWÛ[Ù[\ËÜÝ]\Ù\ÈŽˆÂˆ™\œÚ[ÛˆŽˆŒ‹ŒŒˆ‹ˆ›XÙ[œÙHŽˆ“RU‹ˆ™[™Ú[™\ÈŽˆÂˆ››ÙHŽˆHŽ‚ˆBˆKˆ››ÙWÛ[Ù[\ËÜÝY[ˆŽˆÂˆ™\œÚ[ÛˆŽˆŒËŒLŒ‹ˆ™]ˆŽˆYKˆ›XÙ[œÙHŽˆ“RU‚ˆKˆ››ÙWÛ[Ù[\ËÜÝš\[]\˜[ŽˆÂˆ™\œÚ[ÛˆŽˆŒËŒKŒ‹ˆ™]ˆŽˆYKˆ›XÙ[œÙHŽˆ“RU‹ˆ™\[™[˜ÚY\ÈŽˆÂˆšœË]ÚÙ[œÈŽˆ—ŽKŒŒH‚ˆKˆ™[™[™ÈŽˆÂˆ\›ŽˆšÎ‹ËÙÚ]X‹˜ÛÛKÜÜÛœÛÜœËØ[H‚ˆBˆKˆ››ÙWÛ[Ù[\ËÝ™XY\Ý™X[HŽˆÂˆ™\œÚ[ÛˆŽˆŒ‹Œ‹ˆ›XÙ[œÙHŽˆ“RU‹ˆ™\[™[˜ÚY\ÈŽˆÂˆœ™X[\™\]Z\™HŽˆ—ŒKŒŒ‚ˆKˆ™[™Ú[™\ÈŽˆÂˆ››ÙHŽˆLŒ‚ˆBˆKˆ››ÙWÛ[Ù[\ËÝ™XY\Ý™X[KÛ›ÙWÛ[Ù[\ËÜ™X[\™\]Z\™HŽˆÂˆ™\œÚ[ÛˆŽˆŒKŒŒ‹ˆ›XÙ[œÙHŽˆ“RU‚ˆKˆ››ÙWÛ[Ù[\ËÝ[žX™[˜ÚŽˆÂˆ™\œÚ[ÛˆŽˆŒ‹ŽKŒ‹ˆ™]ˆŽˆYKˆ›XÙ[œÙHŽˆ“RU‚ˆKˆ››ÙWÛ[Ù[\ËÝ[žY^XÈŽˆÂˆ™\œÚ[ÛˆŽˆŒŒËŒˆ‹ˆ™]ˆŽˆYKˆ›XÙ[œÙHŽˆ“RU‚ˆKˆ››ÙWÛ[Ù[\ËÝ[žYÛØ˜žHŽˆÂˆ™\œÚ[ÛˆŽˆŒŒ‹ŒMÈ‹ˆ™]ˆŽˆYKˆ›XÙ[œÙHŽˆ“RU‹ˆ™\[™[˜ÚY\ÈŽˆÂˆ™™\ˆŽˆ—‹KŒ‹ˆœXÛÛX]ÚŽˆ—Œ‚ˆKˆ™[™Ú[™\ÈŽˆÂˆ››ÙHŽˆLL‹ŒŒ‚ˆKˆ™[™[™ÈŽˆÂˆ\›ŽˆšÎ‹ËÙÚ]X‹˜ÛÛKÜÜÛœÛÜœËÔÝ\\˜Ú\Q]ˆ‚ˆBˆKˆ››ÙWÛ[Ù[\ËÝ[ž\ÛÛŽˆÂˆ™\œÚ[ÛˆŽˆŒKŒKŒH‹ˆ™]ˆŽˆYKˆ›XÙ[œÙHŽˆ“RU‹ˆ™[™Ú[™\ÈŽˆÂˆ››ÙHŽˆ—ŒNŒŒLŒŒŒ‚ˆBˆKˆ››ÙWÛ[Ù[\ËÝ[ž\˜Z[˜›ÝÈŽˆÂˆ™\œÚ[ÛˆŽˆŒ‹ŒŒ‹ˆ™]ˆŽˆYKˆ›XÙ[œÙHŽˆ“RU‹ˆ™[™Ú[™\ÈŽˆÂˆ››ÙHŽˆLMŒŒ‚ˆBˆKˆ››ÙWÛ[Ù[\ËÝ[ž\ÜHŽˆÂˆ™\œÚ[ÛˆŽˆŒ‹ˆ™]ˆŽˆYKˆ›XÙ[œÙHŽˆ“RU‹ˆ™[™Ú[™\ÈŽˆÂˆ››ÙHŽˆLMŒŒ‚ˆBˆKˆ››ÙWÛ[Ù[\ËÝØYXØXÚHŽˆÂˆ™\œÚ[ÛˆŽˆŒËË‹ˆ›XÙ[œÙHŽˆ“RU‹ˆ™[™Ú[™\ÈŽˆÂˆ››ÙHŽˆLŒ‚ˆBˆKˆ››ÙWÛ[Ù[\ËÝÚY[YšY\ˆŽˆÂˆ™\œÚ[ÛˆŽˆŒKŒŒH‹ˆ›XÙ[œÙHŽˆ“RU‹ˆ™[™Ú[™\ÈŽˆÂˆ››ÙHŽˆLˆ‚ˆBˆKˆ››ÙWÛ[Ù[\ËÝÞŽˆÂˆ™\œÚ[ÛˆŽˆŒŒËŒH‹ˆ™]ˆŽˆYKˆ›XÙ[œÙHŽˆ“RU‹ˆ™\[™[˜ÚY\ÈŽˆÂˆ™\ØZ[ŽˆŸŒŒŽŒ‚ˆKˆ˜š[ˆŽˆÂˆÞŽˆ™\ÝØÛK›ZœÈ‚ˆKˆ™[™Ú[™\ÈŽˆÂˆ››ÙHŽˆLNŒŒ‚ˆKˆ›Ü[Û˜[\[™[˜ÚY\ÈŽˆÂˆ™œÙ]™[ÈŽˆŸŒ‹ŒËŒÈ‚ˆBˆKˆ››ÙWÛ[Ù[\ËÝ\\ØÜš\ŽˆÂˆ™\œÚ[ÛˆŽˆKŽKŒÈ‹ˆ™]ˆŽˆYKˆ›XÙ[œÙHŽˆ\XÚKL‹Œ‹ˆ˜š[ˆŽˆÂˆØÈŽˆ˜š[‹ÝØÈ‹ˆÜÙ\™\ˆŽˆ˜š[‹ÝÜÙ\™\ˆ‚ˆKˆ™[™Ú[™\ÈŽˆÂˆ››ÙHŽˆLMŒMÈ‚ˆBˆKˆ››ÙWÛ[Ù[\ËÝ[™XÚK]\\ÈŽˆÂˆ™\œÚ[ÛˆŽˆËŒNŒˆ‹ˆ™]ˆŽˆYKˆ›XÙ[œÙHŽˆ“RU‚ˆKˆ››ÙWÛ[Ù[\ËÝš]HŽˆÂˆ™\œÚ[ÛˆŽˆËŒËˆ‹ˆ™]ˆŽˆYKˆ›XÙ[œÙHŽˆ“RU‹ˆ™\[™[˜ÚY\ÈŽˆÂˆ™\ØZ[Žˆ—ŒŒËŒŒŒŽŒ‹ˆ™™\ˆŽˆ—‹KŒ‹ˆœXÛÛX]ÚŽˆ—ŒŒÈ‹ˆœÜÝÜÜÈŽˆ—ŽKˆ‹ˆœ›Û\Žˆ—ËŒ‹ˆ[žYÛØ˜žHŽˆ—ŒŒ‹ŒMH‚ˆKˆ˜š[ˆŽˆÂˆš]HŽˆ˜š[‹Ýš]KšœÈ‚ˆKˆ™[™Ú[™\ÈŽˆÂˆ››ÙHŽˆ—ŒŒŒNKŒLŒ‹ŒL‹Œ‚ˆKˆ™[™[™ÈŽˆÂˆ\›ŽˆšÎ‹ËÙÚ]X‹˜ÛÛKÝš]ZœËÝš]OÜÜÛœÛÜLH‚ˆKˆ›Ü[Û˜[\[™[˜ÚY\ÈŽˆÂˆ™œÙ]™[ÈŽˆŸŒ‹ŒËŒÈ‚ˆKˆœY\‘\[™[˜ÚY\ÈŽˆÂˆ\\ËÛ›ÙHŽˆ—ŒŒŒNKŒLŒ‹ŒL‹Œ‹ˆšš]HŽˆLKŒŒKŒ‹ˆ›\ÜÈŽˆ—ŒŒ‹ˆ›YÚš[™ØÜÜÈŽˆ—ŒKŒŒKŒ‹ˆœØ\ÜÈŽˆ—ŒKÌŒ‹ˆœØ\ÜËY[X™YYŽˆ—ŒKÌŒ‹ˆœÝ[\ÈŽˆLMŽ‹ˆœÝYØ\œÜÈŽˆ—KŒŒ‹ˆ\œÙ\ˆŽˆ—KŒM‹Œ‹ˆÞŽˆ—ŽŒH‹ˆžX[[Žˆ—Œ‹Œˆ‚ˆKˆœY\‘\[™[˜ÚY\ÓY]HŽˆÂˆ\\ËÛ›ÙHŽˆÂˆ›Ü[Û˜[ŽˆYBˆKˆšš]HŽˆÂˆ›Ü[Û˜[ŽˆYBˆKˆ›\ÜÈŽˆÂˆ›Ü[Û˜[ŽˆYBˆKˆ›YÚš[™ØÜÜÈŽˆÂˆ›Ü[Û˜[ŽˆYBˆKˆœØ\ÜÈŽˆÂˆ›Ü[Û˜[ŽˆYBˆKˆœØ\ÜËY[X™YYŽˆÂˆ›Ü[Û˜[ŽˆYBˆKˆœÝ[\ÈŽˆÂˆ›Ü[Û˜[ŽˆYBˆKˆœÝYØ\œÜÈŽˆÂˆ›Ü[Û˜[ŽˆYBˆKˆ\œÙ\ˆŽˆÂˆ›Ü[Û˜[ŽˆYBˆKˆÞŽˆÂˆ›Ü[Û˜[ŽˆYBˆKˆžX[[ŽˆÂˆ›Ü[Û˜[ŽˆYBˆBˆBˆKˆ››ÙWÛ[Ù[\ËÝš]K[›ÙHŽˆÂˆ™\œÚ[ÛˆŽˆŒËŒ‹‹ˆ™]ˆŽˆYKˆ›XÙ[œÙHŽˆ“RU‹ˆ™\[™[˜ÚY\ÈŽˆÂˆ˜ØXÈŽˆ—‹ËŒM‹ˆ™XYÈŽˆ—ŒH‹ˆ™\Ë[[Ù[K[^\ˆŽˆ—ŒKËŒ‹ˆœ]HŽˆ—Œ‹ŒŒÈ‹ˆš]HŽˆ—KŒŒ‹ŒŒËŒŒL‚ˆKˆ˜š[ˆŽˆÂˆš]K[›ÙHŽˆš]K[›ÙK›ZœÈ‚ˆKˆ™[™Ú[™\ÈŽˆÂˆ››ÙHŽˆ—ŒNŒŒŒŒŒŒLŒ‹ŒŒ‚ˆKˆ™[™[™ÈŽˆÂˆ\›ŽˆšÎ‹ËÛÜ[˜ÛÛXÝ]™K˜ÛÛKÝš]\Ý‚ˆBˆKˆ››ÙWÛ[Ù[\ËÝš]\ÝŽˆÂˆ™\œÚ[ÛˆŽˆŒËŒ‹È‹ˆ™]ˆŽˆYKˆ›XÙ[œÙHŽˆ“RU‹ˆ™\[™[˜ÚY\ÈŽˆÂˆ\\ËØÚZHŽˆ—KŒ‹Œˆ‹ˆš]\ÝÙ^XÝŽˆŒËŒ‹È‹ˆš]\ÝÛ[ØÚÙ\ˆŽˆŒËŒ‹È‹ˆš]\ÝÜ™]KY›Ü›X]Žˆ—ŒËŒ‹È‹ˆš]\ÝÜ[›™\ˆŽˆŒËŒ‹È‹ˆš]\ÝÜÛ˜\ÚÝŽˆŒËŒ‹È‹ˆš]\ÝÜÜHŽˆŒËŒ‹È‹ˆš]\ÝÝ][ÈŽˆŒËŒ‹È‹ˆ˜ÚZHŽˆ—KŒ‹Œ‹ˆ™XYÈŽˆ—ŒH‹ˆ™^XÝ]\HŽˆ—ŒKŒ‹ŒH‹ˆ›XYÚXË\Ýš[™ÈŽˆ—ŒŒÌŒMÈ‹ˆœ]HŽˆ—Œ‹ŒŒÈ‹ˆœXÛÛX]ÚŽˆ—ŒŒˆ‹ˆœÝY[ˆŽˆ—ŒËŽKŒ‹ˆ[žX™[˜ÚŽˆ—Œ‹ŽKŒ‹ˆ[žY^XÈŽˆ—ŒŒËŒˆ‹ˆ[žYÛØ˜žHŽˆ—ŒŒ‹ŒM‹ˆ[ž\ÛÛŽˆ—ŒKŒKŒH‹ˆ[ž\˜Z[˜›ÝÈŽˆ—Œ‹ŒŒ‹ˆš]HŽˆ—KŒŒ‹ŒŒËŒŒL‹ˆš]K[›ÙHŽˆŒËŒ‹‹ˆÚKZ\Ë[›ÙK\[›š[™ÈŽˆ—Œ‹ŒËŒ‚ˆKˆ˜š[ˆŽˆÂˆš]\ÝŽˆš]\Ý›ZœÈ‚ˆKˆ™[™Ú[™\ÈŽˆÂˆ››ÙHŽˆ—ŒNŒŒŒŒŒŒLŒ‹ŒŒ‚ˆKˆ™[™[™ÈŽˆÂˆ\›ŽˆšÎ‹ËÛÜ[˜ÛÛXÝ]™K˜ÛÛKÝš]\Ý‚ˆKˆœY\‘\[™[˜ÚY\ÈŽˆÂˆYÙK\[[YKÝ›HŽˆŠˆ‹ˆ\\ËÙXYÈŽˆ—ŒKŒLˆ‹ˆ\\ËÛ›ÙHŽˆ—ŒNŒŒŒŒŒŒLŒ‹ŒŒ‹ˆš]\ÝØœ›ÝÜÙ\ˆŽˆŒËŒ‹È‹ˆš]\ÝÝZHŽˆŒËŒ‹È‹ˆš\KYÛHŽˆŠˆ‹ˆšœÙÛHŽˆŠˆ‚ˆKˆœY\‘\[™[˜ÚY\ÓY]HŽˆÂˆYÙK\[[YKÝ›HŽˆÂˆ›Ü[Û˜[ŽˆYBˆKˆ\\ËÙXYÈŽˆÂˆ›Ü[Û˜[ŽˆYBˆKˆ\\ËÛ›ÙHŽˆÂˆ›Ü[Û˜[ŽˆYBˆKˆš]\ÝØœ›ÝÜÙ\ˆŽˆÂˆ›Ü[Û˜[ŽˆYBˆKˆš]\ÝÝZHŽˆÂˆ›Ü[Û˜[ŽˆYBˆKˆš\KYÛHŽˆÂˆ›Ü[Û˜[ŽˆYBˆKˆšœÙÛHŽˆÂˆ›Ü[Û˜[ŽˆYBˆBˆBˆKˆ››ÙWÛ[Ù[\ËÝÚXÚŽˆÂˆ™\œÚ[ÛˆŽˆŒ‹ŒŒˆ‹ˆ›XÙ[œÙHŽˆ’TÐÈ‹ˆ™\[™[˜ÚY\ÈŽˆÂˆš\Ù^HŽˆ—Œ‹ŒŒ‚ˆKˆ˜š[ˆŽˆÂˆ››ÙK]ÚXÚŽˆ˜š[‹Û›ÙK]ÚXÚ‚ˆKˆ™[™Ú[™\ÈŽˆÂˆ››ÙHŽˆH‚ˆBˆKˆ››ÙWÛ[Ù[\ËÝÚKZ\Ë[›ÙK\[›š[™ÈŽˆÂˆ™\œÚ[ÛˆŽˆŒ‹ŒËŒ‹ˆ™]ˆŽˆYKˆ›XÙ[œÙHŽˆ“RU‹ˆ™\[™[˜ÚY\ÈŽˆÂˆœÚYÚ[™›ÈŽˆ—Œ‹ŒŒ‹ˆœÝXÚØ˜XÚÈŽˆŒŒŒˆ‚ˆKˆ˜š[ˆŽˆÂˆÚKZ\Ë[›ÙK\[›š[™ÈŽˆ˜ÛKšœÈ‚ˆKˆ™[™Ú[™\ÈŽˆÂˆ››ÙHŽˆN‚ˆBˆKˆ››ÙWÛ[Ù[\ËÞ[™ŽˆÂˆ™\œÚ[ÛˆŽˆŒŒˆ‹ˆœ™\ÛÛ™YŽˆšÎ‹ËÜ™YÚ\ÝžK›œZœË›Ü™ËÞ[™ËKÞ[™MŒŒ‹Þˆ‹ˆš[YÜš]HŽˆœÚMLL‹SÖULZPV–YÐVŽUTšš]JÓUÚUVÝ™œÛXÝV[NYÕRÒÌÐÚ•]Ñ^‹ÛPÕØÑÚ‘’XYÒ\ÛÙœ•QTOOH‹ˆ›XÙ[œÙHŽˆ“RU‹ˆ™[™Ú[™\ÈŽˆÂˆ››ÙHŽˆL‚ˆBˆKˆ››ÙWÛ[Ù[\ËÞ›ÙŽˆÂˆ™\œÚ[ÛˆŽˆŒÈ‹ˆ›XÙ[œÙHŽˆ“RU‹ˆ™[™[™ÈŽˆÂˆ\›ŽˆšÎ‹ËÙÚ]X‹˜ÛÛKÜÜÛœÛÜœËØÛÛ[šXÚÜÈ‚ˆBˆBˆBŸB