{
  "name": "maidaid",
  "version": "0.1.0",
  "lockfileVersion": 3,
  "requires": true,
  "packages": {
    "": {
      "name": "maidaid",
      "version": "0.1.0",
      "dependencies": {
        "@fastify/rate-limit": "^10.0.0",
        "@fastify/static": "^8.0.0",
        "dotenv": "^17.0.0",
        "fastify": "^5.0.0",
        "leaflet": "^1.9.4",
        "pg": "^8.16.3",
        "zod": "^4.0.0"
      },
      "devDependencies": {
        "@types/node": "^24.0.0",
        "@types/pg": "^8.15.5",
        "playwright": "^1.62.0",
        "tsx": "^4.20.0",
        "typescript": "^5.8.0",
        "vitest": "^3.2.0"
      },
      "engines": {
        "node": ">=22"
      }
    },
    "node_modules/@esbuild/aix-ppc64": {
      "version": "0.28.1",
      "resolved": "https://registry.npmjs.org/@esbuild/aix-ppc64/-/aix-ppc64-0.28.1.tgz",
      "integrity": "sha512-Svl7tq8k/08+p6CXPpRjQ1fKX+1odH/BQbb48fV6fj3CWHhsoIOoY87w1oHXm0qEpkIK3ZfVgp0hed3XBXzXMQ==",
      "cpu": [
        "ppc64"
      ],
      "dev": true,
      "license": "MIT",
      "optional": true,
      "os": [
        "aix"
      ],
      "engines": {
        "node": ">=18"
      }
    },
    "node_modules/@esbuild/android-arm": {
      "version": "0.28.1",
      "resolved": "https://registry.npmjs.org/@esbuild/android-arm/-/android-arm-0.28.1.tgz",
      "integrity": "sha512-0k2F129Xdio1TdJfzJ8sy1Q47vUD2NnwdhiAf7drUN1EBTfPf4hsFCtmMgu/6m8JSzsBrlmVjudMBQqOfG8usQ==",
      "cpu": [
        "arm"
      ],
      "dev": true,
      "license": "MIT",
      "optional": true,
      "os": [
        "android"
      ],
      "engines": {
        "node": ">=18"
      }
    },
    "node_modules/@esbuild/android-arm64": {
      "version": "0.28.1",
      "resolved": "https://registry.npmjs.org/@esbuild/android-arm64/-/android-arm64-0.28.1.tgz",
      "integrity": "sha512-34EGEbCIAgosYz6goLcopX6Mo7NyGv9tfwEM2/7Ce2VcVRk568iSvniGWcUXIy7wEDR1wzolcxcriFVrWYcwBg==",
      "cpu": [
        "arm64"
      ],
      "dev": true,
      "license": "MIT",
      "optional": true,
      "os": [
        "android"
      ],
      "engines": {
        "node": ">=18"
      }
    },
    "node_modules/@esbuild/android-x64": {
      "version": "0.28.1",
      "resolved": "https://registry.npmjs.org/@esbuild/android-x64/-/android-x64-0.28.1.tgz",
      "integrity": "sha512-dbwY7ltSMDWsRatcRpCnES4F+im88OCUgGZjy52shC7GqHRE/cYlxNbB4Z4UpJswpcc4Qxd2oE/ufM0p61IKng==",
      "cpu": [
        "x64"
      ],
      "dev": true,
      "license": "MIT",
      "optional": true,
      "os": [
        "android"
      ],
      "engines": {
        "node": ">=18"
      }
    },
    "node_modules/@esbuild/darwin-arm64": {
      "version": "0.28.1",
      "resolved": "https://registry.npmjs.org/@esbuild/darwin-arm64/-/darwin-arm64-0.28.1.tgz",
      "integrity": "sha512-TZbWkQY7kvTAXbXUT7uVACR5cMHsDiSz9z7ZKAX/RTq/WJEk3QyRr0wZpNhBDX+/0CtdqUIJlOiodQcta6tY3Q==",
      "cpu": [
        "arm64"
      ],
      "dev": true,
      "license": "MIT",
      "optional": true,
      "os": [
        "darwin"
      ],
      "engines": {
        "node": ">=18"
      }
    },
    "node_modules/@esbuild/darwin-x64": {
      "version": "0.28.1",
      "resolved": "https://registry.npmjs.org/@esbuild/darwin-x64/-/darwin-x64-0.28.1.tgz",
      "integrity": "sha512-zfdzgK9ACBNZLI/CyHTOx81SyNbM6YXn7rxSgX97VjyiPl9W1i4Ka4fgKECEoFCKGpvBj5qArWIGgQjOwkgskQ==",
      "cpu": [
        "x64"
      ],
      "dev": true,
      "license": "MIT",
      "optional": true,
      "os": [
        "darwin"
      ],
      "engines": {
        "node": ">=18"
      }
    },
    "node_modules/@esbuild/freebsd-arm64": {
      "version": "0.28.1",
      "resolved": "https://registry.npmjs.org/@esbuild/freebsd-arm64/-/freebsd-arm64-0.28.1.tgz",
      "integrity": "sha512-wG2EA8ENdEI0qhkSZMjfqrdY+ziCYCPMmtZjjIwOmXFjmyzEHn+UUxk5of+SYsjtfs3VpnlC7QLzSI5hY/rOAw==",
      "cpu": [
        "arm64"
      ],
      "dev": true,
      "license": "MIT",
      "optional": true,
      "os": [
        "freebsd"
      ],
      "engines": {
        "node": ">=18"
      }
    },
    "node_modules/@esbuild/freebsd-x64": {
      "version": "0.28.1",
      "resolved": "https://registry.npmjs.org/@esbuild/freebsd-x64/-/freebsd-x64-0.28.1.tgz",
      "integrity": "sha512-i7dZ9vQgnvSCzi/rYCXNgtF/U+eKZNJBzu3eTQbRgHnM7tNSizLOkRFAl3qzVc/Op/u5YkHHa4pf/3DOYHthLQ==",
      "cpu": [
        "x64"
      ],
      "dev": true,
      "license": "MIT",
      "optional": true,
      "os": [
        "freebsd"
      ],
      "engines": {
        "node": ">=18"
      }
    },
    "node_modules/@esbuild/linux-arm": {
      "version": "0.28.1",
      "resolved": "https://registry.npmjs.org/@esbuild/linux-arm/-/linux-arm-0.28.1.tgz",
      "integrity": "sha512-qVXBOHQS+d5Y722GwJzJUtOLlX7km3CraOaGormF1pDtPd2C/l1SHRPgjLunLGe51Sh5YYWKMFDyV4SxgMQYTQ==",
      "cpu": [
        "arm"
      ],
      "dev": true,
      "license": "MIT",
      "optional": true,
      "os": [
        "linux"
      ],
      "engines": {
        "node": ">=18"
      }
    },
    "node_modules/@esbuild/linux-arm64": {
      "version": "0.28.1",
      "resolved": "https://registry.npmjs.org/@esbuild/linux-arm64/-/linux-arm64-0.28.1.tgz",
      "integrity": "sha512-yHs+0uc8+nvEAfAfxrWQKK5peSNzBc4PegcMO0EJ2hT71uA7vB8Ihg2e77R2P7SG5uYjPbHlLLmve4LLLRCf0g==",
      "cpu": [
        "arm64"
      ],
      "dev": true,
      "license": "MIT",
      "optional": true,
      "os": [
        "linux"
      ],
      "engines": {
        "node": ">=18"
      }
    },
    "node_modules/@esbuild/linux-ia32": {
      "version": "0.28.1",
      "resolved": "https://registry.npmjs.org/@esbuild/linux-ia32/-/linux-ia32-0.28.1.tgz",
      "integrity": "sha512-d1z4ZuP0ajrfz/FhGT4vv278rX8KnPPJx8i5+AtK7TYbx9Le9F1hyzurZpkEyjkGa9dUGhQow4C1NmeGvqxN2w==",
      "cpu": [
        "ia32"
      ],
      "dev": true,
      "license": "MIT",
      "optional": true,
      "os": [
        "linux"
      ],
      "engines": {
        "node": ">=18"
      }
    },
    "node_modules/@esbuild/linux-loong64": {
      "version": "0.28.1",
      "resolved": "https://registry.npmjs.org/@esbuild/linux-loong64/-/linux-loong64-0.28.1.tgz",
      "integrity": "sha512-M5sRjUVZrkm1OAPR3dlOYzNmN+loZKGVi1VUQGrwuqLcbR6qeAz+famMhjASeH3YVKvZz+zT1jlh/keC3Rj/lg==",
      "cpu": [
        "loong64"
      ],
      "dev": true,
      "license": "MIT",
      "optional": true,
      "os": [
        "linux"
      ],
      "engines": {
        "node": ">=18"
      }
    },
    "node_modules/@esbuild/linux-mips64el": {
      "version": "0.28.1",
      "resolved": "https://registry.npmjs.org/@esbuild/linux-mips64el/-/linux-mips64el-0.28.1.tgz",
      "integrity": "sha512-mRObBZeHh2OxcBFPWE/FjylkRgZdYuiTR3vaTozquCGOH14iP9oN4x4Ge81CoIDYQrXmIxpFumJBu5MtZpnQJQ==",
      "cpu": [
        "mips64el"
      ],
      "dev": true,
      "license": "MIT",
      "optional": true,
      "os": [
        "linux"
      ],
      "engines": {
        "node": ">=18"
      }
    },
    "node_modules/@esbuild/linux-ppc64": {
      "version": "0.28.1",
      "resolved": "https://registry.npmjs.org/@esbuild/linux-ppc64/-/linux-ppc64-0.28.1.tgz",
      "integrity": "sha512-slScBsMAb3GFDcdrCgLwZtPYRoH2H/youv10QiZyRjmsP48fznoveWytSgCI/R0ZcUgpc0ZhIUEx6LHts8yrfQ==",
      "cpu": [
        "ppc64"
      ],
      "dev": true,
      "license": "MIT",
      "optional": true,
      "os": [
        "linux"
      ],
      "engines": {
        "node": ">=18"
      }
    },
    "node_modules/@esbuild/linux-riscv64": {
      "version": "0.28.1",
      "resolved": "https://registry.npmjs.org/@esbuild/linux-riscv64/-/linux-riscv64-0.28.1.tgz",
      "integrity": "sha512-kw0owk1o0GFETUJyW0jc0G4Yzs0BHZn0JDZ8JRT088vjJYX777BAs1fDGxAC+q831qOs2DTC96mNsG2opdfyyQ==",
      "cpu": [
        "riscv64"
      ],
      "dev": true,
      "license": "MIT",
      "optional": true,
      "os": [
        "linux"
      ],
      "engines": {
        "node": ">=18"
      }
    },
    "node_modules/@esbuild/linux-s390x": {
      "version": "0.28.1",
      "resolved": "https://registry.npmjs.org/@esbuild/linux-s390x/-/linux-s390x-0.28.1.tgz",
      "integrity": "sha512-/lAIjX8aYFRByhh6L5rYtPEDRqa9de/4V/juOXcta5frjvzXO4/sqEtyytse0g3zZFuWu5cDN0MkLz2qRDD2Ag==",
      "cpu": [
        "s390x"
      ],
      "dev": true,
      "license": "MIT",
      "optional": true,
      "os": [
        "linux"
      ],
      "engines": {
        "node": ">=18"
      }
    },
    "node_modules/@esbuild/linux-x64": {
      "version": "0.28.1",
      "resolved": "https://registry.npmjs.org/@esbuild/linux-x64/-/linux-x64-0.28.1.tgz",
      "integrity": "sha512-u/anNYF2mmVOEDwLtnQ1wOr3EZ9sTNGLWrsYGYwHWzGA3Si84IOkHXlbWTD1NB+9/1lcnweYKO54uhxZydNzfA==",
      "cpu": [
        "x64"
      ],
      "dev": true,
      "license": "MIT",
      "optional": true,
      "os": [
        "linux"
      ],
      "engines": {
        "node": ">=18"
      }
    },
    "node_modules/@esbuild/netbsd-arm64": {
      "version": "0.28.1",
      "resolved": "https://registry.npmjs.org/@esbuild/netbsd-arm64/-/netbsd-arm64-0.28.1.tgz",
      "integrity": "sha512-oks0DYbLwWMmaakTsCb+zL4E+aHRVLom9IJZOAthMQEPiQmydXHkziYEsGYRx0uNV/IjEKGAV941JzH02pflqw==",
      "cpu": [
        "arm64"
      ],
      "dev": true,
      "license": "MIT",
      "optional": true,
      "os": [
        "netbsd"
      ],
      "engines": {
        "node": ">=18"
      }
    },
    "node_modules/@esbuild/netbsd-x64": {
      "version": "0.28.1",
      "resolved": "https://registry.npmjs.org/@esbuild/netbsd-x64/-/netbsd-x64-0.28.1.tgz",
      "integrity": "sha512-aeL6lAnN89Hz43Mlh1G8ARasbuoYvSITDEx0tHh5b7jJnHcssqgjy9Yx430GDpmCa6OyrKoS0aNRjKundRizGg==",
      "cpu": [
        "x64"
      ],
      "dev": true,
      "license": "MIT",
      "optional": true,
      "os": [
        "netbsd"
      ],
      "engines": {
        "node": ">=18"
      }
    },
    "node_modules/@esbuild/openbsd-arm64": {
      "version": "0.28.1",
      "resolved": "https://registry.npmjs.org/@esbuild/openbsd-arm64/-/openbsd-arm64-0.28.1.tgz",
      "integrity": "sha512-MEFJe5C3R8pwXdZ5Y21oo6m7ePiS0d9pWucn99O/wvyJZChoIQKrQDxKrGeW8F5+T0okTHesAmDeiHDTIq0V/Q==",
      "cpu": [
        "arm64"
      ],
      "dev": true,
      "license": "MIT",
      "optional": true,
      "os": [
        "openbsd"
      ],
      "engines": {
        "node": ">=18"
      }
    },
    "node_modules/@esbuild/openbsd-x64": {
      "version": "0.28.1",
      "resolved": "https://registry.npmjs.org/@esbuild/openbsd-x64/-/openbsd-x64-0.28.1.tgz",
      "integrity": "sha512-i/ZLIOafE0Z8cI/XANJAixoJL/uRAoS2xOA3rb0xN+KK0K177cMAsQYkzHtBrtMXAKuAc7HGgcWiZ/sRC1Nxgw==",
      "cpu": [
        "x64"
      ],
      "dev": true,
      "license": "MIT",
      "optional": true,
      "os": [
        "openbsd"
      ],
      "engines": {
        "node": ">=18"
      }
    },
    "node_modules/@esbuild/openharmony-arm64": {
      "version": "0.28.1",
      "resolved": "https://registry.npmjs.org/@esbuild/openharmony-arm64/-/openharmony-arm64-0.28.1.tgz",
      "integrity": "sha512-ge+Z7EXFNt2BO1oAMsVpiQ8EwndV9i1xXerAeTIK7AtPs3bKFXQM7nlRxDSIUIMeueR1CNXxqztLzdNeReKBJg==",
      "cpu": [
        "arm64"
      ],
      "dev": true,
      "license": "MIT",
      "optional": true,
      "os": [
        "openharmony"
      ],
      "engines": {
        "node": ">=18"
      }
    },
    "node_modules/@esbuild/sunos-x64": {
      "version": "0.28.1",
      "resolved": "https://registry.npmjs.org/@esbuild/sunos-x64/-/sunos-x64-0.28.1.tgz",
      "integrity": "sha512-BEjgtECkL3vY+SaSQ6nzVfiALUeFxpawyp8Jmf5PtYhf1Ug40N1h/hxlhts+f1FvSvarEigdxS3BlSMI2PJLcQ==",
      "cpu": [
        "x64"
      ],
      "dev": true,
      "license": "MIT",
      "optional": true,
      "os": [
        "sunos"
      ],
      "engines": {
        "node": ">=18"
      }
    },
    "node_modules/@esbuild/win32-arm64": {
      "version": "0.28.1",
      "resolved": "https://registry.npmjs.org/@esbuild/win32-arm64/-/win32-arm64-0.28.1.tgz",
      "integrity": "sha512-lCv9eK/H6ZJWbE7bh2nw54CZ9M2nupBxJcTsdk/QQnWkdSjKGuxmmH8/GWrlT1eMmZfn4dGcCjRte397WqfQXA==",
      "cpu": [
        "arm64"
      ],
      "dev": true,
      "license": "MIT",
      "optional": true,
      "os": [
        "win32"
      ],
      "engines": {
        "node": ">=18"
      }
    },
    "node_modules/@esbuild/win32-ia32": {
      "version": "0.28.1",
      "resolved": "https://registry.npmjs.org/@esbuild/win32-ia32/-/win32-ia32-0.28.1.tgz",
      "integrity": "sha512-zvb/mB2bSCoJOpoCBgYKKpX6YM6mJBlBUVUtVj41DlZJVEB6/0CKlRYxP5wWl1C1ILiCoAU5wZZ4q1P3qeS6Eg==",
      "cpu": [
        "ia32"
      ],
      "dev": true,
      "license": "MIT",
      "optional": true,
      "os": [
        "win32"
      ],
      "engines": {
        "node": ">=18"
      }
    },
    "node_modules/@esbuild/win32-x64": {
      "version": "0.28.1",
      "cpu": [
        "x64"
      ],
      "dev": true,
      "license": "MIT",
      "optional": true,
      "os": [
        "win32"
      ],
      "engines": {
        "node": ">=18"
      }
    },
    "node_modules/@fastify/accept-negotiator": {
      "version": "2.0.1",
      "resolved": "https://registry.npmjs.org/@fastify/accept-negotiator/-/accept-negotiator-2.0.1.tgz",
      "integrity": "sha512-/c/TW2bO/v9JeEgoD/g1G5GxGeCF1Hafdf79WPmUlgYiBXummY0oX3VVq4yFkKKVBKDNlaDUYoab7g38RpPqCQ==",
      "funding": [
        {
          "type": "github",
          "url": "https://github.com/sponsors/fastify"
        },
        {
          "type": "opencollective",
          "url": "https://opencollective.com/fastify"
        }
      ],
      "license": "MIT"
    },
    "node_modules/@fastify/ajv-compiler": {
      "version": "4.0.5",
      "funding": [
        {
          "type": "github",
          "url": "https://github.com/sponsors/fastify"
        },
        {
          "type": "opencollective",
          "url": "https://opencollective.com/fastify"
        }
      ],
      "license": "MIT",
      "dependencies": {
        "ajv": "^8.12.0",
        "ajv-formats": "^3.0.1",
        "fast-uri": "^3.0.0"
      }
    },
    "node_modules/@fastify/error": {
      "version": "4.2.0",
      "funding": [
        {
          "type": "github",
          "url": "https://github.com/sponsors/fastify"
        },
        {
          "type": "opencollective",
          "url": "https://opencollective.com/fastify"
        }
      ],
      "license": "MIT"
    },
    "node_modules/@fastify/fast-json-stringify-compiler": {
      "version": "5.1.0",
      "funding": [
        {
          "type": "github",
          "url": "https://github.com/sponsors/fastify"
        },
        {
          "type": "opencollective",
          "url": "https://opencollective.com/fastify"
        }
      ],
      "license": "MIT",
      "dependencies": {
        "fast-json-stringify": "^7.0.0"
      }
    },
    "node_modules/@fastify/forwarded": {
      "version": "3.0.1",
      "fundin×uòÚ$z{-®éÜj×&Væv–æW2#¢°¢&æöFR#¢#ãÓB ¢Ð¢ÒÀ¢&æöFUöÖöGVÆW2÷÷7Fw&W2Ö'—FV#¢°¢'fW'6–öâ#¢#ãã"À¢'&W6öÇfVB#¢&‡GG3¢ò÷&Vv—7G'’æçÖ§2æ÷&r÷÷7Fw&W2Ö'—FVòÒ÷÷7Fw&W2Ö'—FVÓããçFw¢"À¢&–çFVw&—G’#¢'6†S"ÓR³T‡†ç5¥ScT”¥¥4Öµ§EU$%¦VÆVÃ&õ…TTó‡$ƒƒ5e2ö‡„ƒWgcT‡UsWu§3‡”ÔfGc“s•R¶¶5V7¦“tåd%ÓÒ"À¢&Æ–6Vç6R#¢$Ô•B"À¢&Væv–æW2#¢°¢&æöFR#¢#ãÓãã ¢Ð¢ÒÀ¢&æöFUöÖöGVÆW2÷÷7Fw&W2ÖFFR#¢°¢'fW'6–öâ#¢#ããr"À¢'&W6öÇfVB#¢&‡GG3¢ò÷&Vv—7G'’æçÖ§2æ÷&r÷÷7Fw&W2ÖFFRòÒ÷÷7Fw&W2ÖFFRÓããrçFw¢"À¢&–çFVw&—G’#¢'6†S"×7TFÖ¤Åess†äÔ³%U£CSF„r´ôr´…£fâ²µDäEU‚´Ã·UVÄÇ—væ÷„¤´F÷SS¦Ò·¥D6§$6Ãçd£”3V…—d²õÓÒ"À¢&Æ–6Vç6R#¢$Ô•B"À¢&Væv–æW2#¢°¢&æöFR#¢#ãÓãã ¢Ð¢ÒÀ¢&æöFUöÖöGVÆW2÷÷7Fw&W2Ö–çFW'fÂ#¢°¢'fW'6–öâ#¢#ã"ã"À¢'&W6öÇfVB#¢&‡GG3¢ò÷&Vv—7G'’æçÖ§2æ÷&r÷÷7Fw&W2Ö–çFW'fÂòÒ÷÷7Fw&W2Ö–çFW'fÂÓã"ãçFw¢"À¢&–çFVw&—G’#¢'6†S"Ó•¦…„´Ò÷'s3Sã÷gUt†$w†äv‚õ4ä£F6ç„†”Ó'„SEdãCw6s…‡¥vã–‡bö'T³%EwfÄ÷—"õ$$F—G—…f&µ¥ÓÒ"À¢&Æ–6Vç6R#¢$Ô•B"À¢&FWVæFVæ6–W2#¢°¢'‡FVæB#¢%ãBãã ¢ÒÀ¢&Væv–æW2#¢°¢&æöFR#¢#ãÓãã ¢Ð¢ÒÀ¢&æöFUöÖöGVÆW2÷&ö6W72×v&æ–ær#¢°¢'fW'6–öâ#¢#Rãã"À¢&gVæF–ær#¢°¢°¢'G—R#¢&v—F‡V""À¢'W&Â#¢&‡GG3¢òöv—F‡V"æ6öÒ÷7öç6÷'2öf7F–g’ ¢ÒÀ¢°¢'G—R#¢&÷Væ6öÆÆV7F—fR"À¢'W&Â#¢&‡GG3¢òö÷Væ6öÆÆV7F—fRæ6öÒöf7F–g’ ¢Ð¢ÒÀ¢&Æ–6Vç6R#¢$Ô•B ¢ÒÀ¢&æöFUöÖöGVÆW2÷V–6²Öf÷&ÖB×VæW66VB#¢°¢'fW'6–öâ#¢#BããB"À¢&Æ–6Vç6R#¢$Ô•B ¢ÒÀ¢&æöFUöÖöGVÆW2÷&VÂ×&WV—&R#¢°¢'fW'6–öâ#¢#ã"ã"À¢&Æ–6Vç6R#¢$Ô•B"À¢&Væv–æW2#¢°¢&æöFR#¢#ãÒ"ã2ã ¢Ð¢ÒÀ¢&æöFUöÖöGVÆW2÷&WV—&RÖg&öÒ×7G&–ær#¢°¢'fW'6–öâ#¢#"ãã""À¢&Æ–6Vç6R#¢$Ô•B"À¢&Væv–æW2#¢°¢&æöFR#¢#ãÓãã ¢Ð¢ÒÀ¢&æöFUöÖöGVÆW2÷&WB#¢°¢'fW'6–öâ#¢#ãRã"À¢&Æ–6Vç6R#¢$Ô•B"À¢&Væv–æW2#¢°¢&æöFR#¢#ãÓ ¢Ð¢ÒÀ¢&æöFUöÖöGVÆW2÷&WW6–g’#¢°¢'fW'6–öâ#¢#ãã"À¢&Æ–6Vç6R#¢$Ô•B"À¢&Væv–æW2#¢°¢&–ö§2#¢#ãÓãã"À¢&æöFR#¢#ãÓãã ¢Ð¢ÒÀ¢&æöFUöÖöGVÆW2÷&fF2#¢°¢'fW'6–öâ#¢#ãBã"À¢&Æ–6Vç6R#¢$Ô•B ¢ÒÀ¢&æöFUöÖöGVÆW2÷&öÆÇW#¢°¢'fW'6–öâ#¢#Bãc"ã""À¢&FWb#¢G'VRÀ¢&Æ–6Vç6R#¢$Ô•B"À¢&FWVæFVæ6–W2#¢°¢$G—W2öW7G&VR#¢#ãã’ ¢ÒÀ¢&&–â#¢°¢'&öÆÇW#¢&F—7Bö&–â÷&öÆÇW ¢ÒÀ¢&Væv–æW2#¢°¢&æöFR#¢#ãÓ‚ãã"À¢&çÒ#¢#ãÓ‚ãã ¢ÒÀ¢&÷F–öæÄFWVæFVæ6–W2#¢°¢$&öÆÇW÷&öÆÇWÖæG&ö–BÖ&ÒÖV&’#¢#Bãc"ã""À¢$&öÆÇW÷&öÆÇWÖæG&ö–BÖ&ÓcB#¢#Bãc"ã""À¢$&öÆÇW÷&öÆÇWÖF'v–âÖ&ÓcB#¢#Bãc"ã""À¢$&öÆÇW÷&öÆÇWÖF'v–â×ƒcB#¢#Bãc"ã""À¢$&öÆÇW÷&öÆÇWÖg&VV'6BÖ&ÓcB#¢#Bãc"ã""À¢$&öÆÇW÷&öÆÇWÖg&VV'6B×ƒcB#¢#Bãc"ã""À¢$&öÆÇW÷&öÆÇWÖÆ–çW‚Ö&ÒÖvçVV&–†b#¢#Bãc"ã""À¢$&öÆÇW÷&öÆÇWÖÆ–çW‚Ö&ÒÖ×W6ÆV&–†b#¢#Bãc"ã""À¢$&öÆÇW÷&öÆÇWÖÆ–çW‚Ö&ÓcBÖvçR#¢#Bãc"ã""À¢$&öÆÇW÷&öÆÇWÖÆ–çW‚Ö&ÓcBÖ×W6Â#¢#Bãc"ã""À¢$&öÆÇW÷&öÆÇWÖÆ–çW‚ÖÆööæscBÖvçR#¢#Bãc"ã""À¢$&öÆÇW÷&öÆÇWÖÆ–çW‚ÖÆööæscBÖ×W6Â#¢#Bãc"ã""À¢$&öÆÇW÷&öÆÇWÖÆ–çW‚×3cBÖvçR#¢#Bãc"ã""À¢$&öÆÇW÷&öÆÇWÖÆ–çW‚×3cBÖ×W6Â#¢#Bãc"ã""À¢$&öÆÇW÷&öÆÇWÖÆ–çW‚×&—67ccBÖvçR#¢#Bãc"ã""À¢$&öÆÇW÷&öÆÇWÖÆ–çW‚×&—67ccBÖ×W6Â#¢#Bãc"ã""À¢$&öÆÇW÷&öÆÇWÖÆ–çW‚×33“‚ÖvçR#¢#Bãc"ã""À¢$&öÆÇW÷&öÆÇWÖÆ–çW‚×ƒcBÖvçR#¢#Bãc"ã""À¢$&öÆÇW÷&öÆÇWÖÆ–çW‚×ƒcBÖ×W6Â#¢#Bãc"ã""À¢$&öÆÇW÷&öÆÇWÖ÷Væ'6B×ƒcB#¢#Bãc"ã""À¢$&öÆÇW÷&öÆÇWÖ÷Væ†&Ööç’Ö&ÓcB#¢#Bãc"ã""À¢$&öÆÇW÷&öÆÇW×v–ã3"Ö&ÓcBÖ×7f2#¢#Bãc"ã""À¢$&öÆÇW÷&öÆÇW×v–ã3"Ö–3"Ö×7f2#¢#Bãc"ã""À¢$&öÆÇW÷&öÆÇW×v–ã3"×ƒcBÖvçR#¢#Bãc"ã""À¢$&öÆÇW÷&öÆÇW×v–ã3"×ƒcBÖ×7f2#¢#Bãc"ã""À¢&g6WfVçG2#¢'ã"ã2ã" ¢Ð¢ÒÀ¢&æöFUöÖöGVÆW2÷6fRÖ'VffW"#¢°¢'fW'6–öâ#¢#Rã"ã"À¢&gVæF–ær#¢°¢°¢'G—R#¢&v—F‡V""À¢'W&Â#¢&‡GG3¢òöv—F‡V"æ6öÒ÷7öç6÷'2öfW&÷72 ¢ÒÀ¢°¢'G—R#¢'G&Vöâ"À¢'W&Â#¢&‡GG3¢ò÷wwrçG&Vöâæ6öÒöfW&÷72 ¢ÒÀ¢°¢'G—R#¢&6öç7VÇF–ær"À¢'W&Â#¢&‡GG3¢òöfW&÷72æ÷&r÷7W÷'B ¢Ð¢ÒÀ¢&Æ–6Vç6R#¢$Ô•B ¢ÒÀ¢&æöFUöÖöGVÆW2÷6fR×&VvWƒ"#¢°¢'fW'6–öâ#¢#Rãã"À¢&gVæF–ær#¢°¢°¢'G—R#¢&v—F‡V""À¢'W&Â#¢&‡GG3¢òöv—F‡V"æ6öÒ÷7öç6÷'2öf7F–g’ ¢ÒÀ¢°¢'G—R#¢&÷Væ6öÆÆV7F—fR"À¢'W&Â#¢&‡GG3¢òö÷Væ6öÆÆV7F—fRæ6öÒöf7F–g’ ¢Ð¢ÒÀ¢&Æ–6Vç6R#¢$Ô•B"À¢&FWVæFVæ6–W2#¢°¢'&WB#¢'ããRã ¢ÒÀ¢&&–â#¢°¢'6fR×&VvWƒ"#¢&&–â÷6fR×&VvWƒ"æ§2 ¢Ð¢ÒÀ¢&æöFUöÖöGVÆW2÷6fR×7F&ÆR×7G&–æv–g’#¢°¢'fW'6–öâ#¢#"ãRã"À¢&Æ–6Vç6R#¢$Ô•B"À¢&Væv–æW2#¢°¢&æöFR#¢#ãÓ ¢Ð¢ÒÀ¢&æöFUöÖöGVÆW2÷6V7W&RÖ§6öâ×'6R#¢°¢'fW'6–öâ#¢#Bãã"À¢&gVæF–ær#¢°¢°¢'G—R#¢&v—F‡V""À¢'W&Â#¢&‡GG3¢òöv—F‡V"æ6öÒ÷7öç6÷'2öf7F–g’ ¢ÒÀ¢°¢'G—R#¢&÷Væ6öÆÆV7F—fR"À¢'W&Â#¢&‡GG3¢òö÷Væ6öÆÆV7F—fRæ6öÒöf7F–g’ ¢Ð¢ÒÀ¢&Æ–6Vç6R#¢$%4BÓ2Ô6ÆW6R ¢ÒÀ¢&æöFUöÖöGVÆW2÷6V×fW"#¢°¢'fW'6–öâ#¢#rã‚ãR"À¢&Æ–6Vç6R#¢$•42"À¢&&–â#¢°¢'6V×fW"#¢&&–â÷6V×fW"æ§2 ¢ÒÀ¢&Væv–æW2#¢°¢&æöFR#¢#ãÓ ¢Ð¢ÒÀ¢&æöFUöÖöGVÆW2÷6WBÖ6öö¶–R×'6W"#¢°¢'fW'6–öâ#¢#"ãrã""À¢&Æ–6Vç6R#¢$Ô•B ¢ÒÀ¢&æöFUöÖöGVÆW2÷6WG&÷F÷G—Vöb#¢°¢'fW'6–öâ#¢#ã"ã"À¢&Æ–6Vç6R#¢$•42 ¢ÒÀ¢&æöFUöÖöGVÆW2÷6†V&ærÖ6öÖÖæB#¢°¢'fW'6–öâ#¢#"ãã"À¢&Æ–6Vç6R#¢$Ô•B"À¢&FWVæFVæ6–W2#¢°¢'6†V&ær×&VvW‚#¢%ã2ãã ¢ÒÀ¢&Væv–æW2#¢°¢&æöFR#¢#ãÓ‚ ¢Ð¢ÒÀ¢&æöFUöÖöGVÆW2÷6†V&ær×&VvW‚#¢°¢'fW'6–öâ#¢#2ãã"À¢&Æ–6Vç6R#¢$Ô•B"À¢&Væv–æW2#¢°¢&æöFR#¢#ãÓ‚ ¢Ð¢ÒÀ¢&æöFUöÖöGVÆW2÷6–v–æfò#¢°¢'fW'6–öâ#¢#"ãã"À¢&FWb#¢G'VRÀ¢&Æ–6Vç6R#¢$•42 ¢ÒÀ¢&æöFUöÖöGVÆW2÷6–væÂÖW†—B#¢°¢'fW'6–öâ#¢#Bãã"À¢&Æ–6Vç6R#¢$•42"À¢&Væv–æW2#¢°¢&æöFR#¢#ãÓB ¢ÒÀ¢&gVæF–ær#¢°¢'W&Â#¢&‡GG3¢òöv—F‡V"æ6öÒ÷7öç6÷'2ö—672 ¢Ð¢ÒÀ¢&æöFUöÖöGVÆW2÷6öæ–2Ö&ööÒ#¢°¢'fW'6–öâ#¢#Bã"ã"À¢&Æ–6Vç6R#¢$Ô•B"À¢&FWVæFVæ6–W2#¢°¢&FöÖ–2×6ÆVW#¢%ããã ¢Ð¢ÒÀ¢&æöFUöÖöGVÆW2÷6÷W&6RÖÖÖ§2#¢°¢'fW'6–öâ#¢#ã"ã"À¢&FWb#¢G'VRÀ¢&Æ–6Vç6R#¢$%4BÓ2Ô6ÆW6R"À¢&Væv–æW2#¢°¢&æöFR#¢#ãÓãã ¢Ð¢ÒÀ¢&æöFUöÖöGVÆW2÷7Æ—C"#¢°¢'fW'6–öâ#¢#Bã"ã"À¢&Æ–6Vç6R#¢$•42"À¢&Væv–æW2#¢°¢&æöFR#¢#ãÒç‚ ¢Ð¢ÒÀ¢&æöFUöÖöGVÆW2÷7F6¶&6²#¢°¢'fW'6–öâ#¢#ãã""À¢&FWb#¢G'VRÀ¢&Æ–6Vç6R#¢$Ô•B ¢ÒÀ¢&æöFUöÖöGVÆW2÷7FGW6W2#¢°¢'fW'6–öâ#¢#"ãã""À¢&Æ–6Vç6R#¢$Ô•B"À¢&Væv–æW2#¢°¢&æöFR#¢#ãÒã‚ ¢Ð¢ÒÀ¢&æöFUöÖöGVÆW2÷7FBÖVçb#¢°¢'fW'6–öâ#¢#2ãã"À¢&FWb#¢G'VRÀ¢&Æ–6Vç6R#¢$Ô•B ¢ÒÀ¢&æöFUöÖöGVÆW2÷7G&—ÖÆ—FW&Â#¢°¢'fW'6–öâ#¢#2ãã"À¢&FWb#¢G'VRÀ¢&Æ–6Vç6R#¢$Ô•B"À¢&FWVæFVæ6–W2#¢°¢&§2×Fö¶Vç2#¢%ã’ãã ¢ÒÀ¢&gVæF–ær#¢°¢'W&Â#¢&‡GG3¢òöv—F‡V"æ6öÒ÷7öç6÷'2öçFgR ¢Ð¢ÒÀ¢&æöFUöÖöGVÆW2÷F‡&VB×7G&VÒ#¢°¢'fW'6–öâ#¢#Bã"ã"À¢&Æ–6Vç6R#¢$Ô•B"À¢&FWVæFVæ6–W2#¢°¢'&VÂ×&WV—&R#¢%ããã ¢ÒÀ¢&Væv–æW2#¢°¢&æöFR#¢#ãÓ# ¢Ð¢ÒÀ¢&æöFUöÖöGVÆW2÷F‡&VB×7G&VÒöæöFUöÖöGVÆW2÷&VÂ×&WV—&R#¢°¢'fW'6–öâ#¢#ãã"À¢&Æ–6Vç6R#¢$Ô•B ¢ÒÀ¢&æöFUöÖöGVÆW2÷F–ç–&Væ6‚#¢°¢'fW'6–öâ#¢#"ã’ã"À¢&FWb#¢G'VRÀ¢&Æ–6Vç6R#¢$Ô•B ¢ÒÀ¢&æöFUöÖöGVÆW2÷F–ç–W†V2#¢°¢'fW'6–öâ#¢#ã2ã""À¢&FWb#¢G'VRÀ¢&Æ–6Vç6R#¢$Ô•B ¢ÒÀ¢&æöFUöÖöGVÆW2÷F–ç–vÆö&'’#¢°¢'fW'6–öâ#¢#ã"ãr"À¢&FWb#¢G'VRÀ¢&Æ–6Vç6R#¢$Ô•B"À¢&FWVæFVæ6–W2#¢°¢&fF—"#¢%ãbãRã"À¢'–6öÖF6‚#¢%ãBããB ¢ÒÀ¢&Væv–æW2#¢°¢&æöFR#¢#ãÓ"ãã ¢ÒÀ¢&gVæF–ær#¢°¢'W&Â#¢&‡GG3¢òöv—F‡V"æ6öÒ÷7öç6÷'2õ7WW&6‡WTFWb ¢Ð¢ÒÀ¢&æöFUöÖöGVÆW2÷F–ç—ööÂ#¢°¢'fW'6–öâ#¢#ãã"À¢&FWb#¢G'VRÀ¢&Æ–6Vç6R#¢$Ô•B"À¢&Væv–æW2#¢°¢&æöFR#¢%ã‚ããÇÂãÓ#ãã ¢Ð¢ÒÀ¢&æöFUöÖöGVÆW2÷F–ç—&–æ&÷r#¢°¢'fW'6–öâ#¢#"ãã"À¢&FWb#¢G'VRÀ¢&Æ–6Vç6R#¢$Ô•B"À¢&Væv–æW2#¢°¢&æöFR#¢#ãÓBãã ¢Ð¢ÒÀ¢&æöFUöÖöGVÆW2÷F–ç—7’#¢°¢'fW'6–öâ#¢#BããB"À¢&FWb#¢G'VRÀ¢&Æ–6Vç6R#¢$Ô•B"À¢&Væv–æW2#¢°¢&æöFR#¢#ãÓBãã ¢Ð¢ÒÀ¢&æöFUöÖöGVÆW2÷FöBÖ66†R#¢°¢'fW'6–öâ#¢#2ãrãB"À¢&Æ–6Vç6R#¢$Ô•B"À¢&Væv–æW2#¢°¢&æöFR#¢#ãÓ# ¢Ð¢ÒÀ¢&æöFUöÖöGVÆW2÷Fö–FVçF–f–W"#¢°¢'fW'6–öâ#¢#ãã"À¢&Æ–6Vç6R#¢$Ô•B"À¢&Væv–æW2#¢°¢&æöFR#¢#ãÓãb ¢Ð¢ÒÀ¢&æöFUöÖöGVÆW2÷G7‚#¢°¢'fW'6–öâ#¢#Bã#2ã"À¢&FWb#¢G'VRÀ¢&Æ–6Vç6R#¢$Ô•B"À¢&FWVæFVæ6–W2#¢°¢&W6'V–ÆB#¢'ãã#‚ã ¢ÒÀ¢&&–â#¢°¢'G7‚#¢&F—7Bö6Æ’æÖ§2 ¢ÒÀ¢&Væv–æW2#¢°¢&æöFR#¢#ãÓ‚ãã ¢ÒÀ¢&÷F–öæÄFWVæFVæ6–W2#¢°¢&g6WfVçG2#¢'ã"ã2ã2 ¢Ð¢ÒÀ¢&æöFUöÖöGVÆW2÷G—W67&—B#¢°¢'fW'6–öâ#¢#Rã’ã2"À¢&FWb#¢G'VRÀ¢&Æ–6Vç6R#¢$6†RÓ"ã"À¢&&–â#¢°¢'G62#¢&&–â÷G62"À¢'G76W'fW"#¢&&–â÷G76W'fW" ¢ÒÀ¢&Væv–æW2#¢°¢&æöFR#¢#ãÓBãr ¢Ð¢ÒÀ¢&æöFUöÖöGVÆW2÷VæF–6’×G—W2#¢°¢'fW'6–öâ#¢#rã‚ã""À¢&FWb#¢G'VRÀ¢&Æ–6Vç6R#¢$Ô•B ¢ÒÀ¢&æöFUöÖöGVÆW2÷f—FR#¢°¢'fW'6–öâ#¢#rã2ãb"À¢&FWb#¢G'VRÀ¢&Æ–6Vç6R#¢$Ô•B"À¢&FWVæFVæ6–W2#¢°¢&W6'V–ÆB#¢%ãã#rãÇÂãã#‚ã"À¢&fF—"#¢%ãbãRã"À¢'–6öÖF6‚#¢%ãBãã2"À¢'÷7F772#¢%ã‚ãRãb"À¢'&öÆÇW#¢%ãBãC2ã"À¢'F–ç–vÆö&'’#¢%ãã"ãR ¢ÒÀ¢&&–â#¢°¢'f—FR#¢&&–â÷f—FRæ§2 ¢ÒÀ¢&Væv–æW2#¢°¢&æöFR#¢%ã#ã’ãÇÂãÓ#"ã"ã ¢ÒÀ¢&gVæF–ær#¢°¢'W&Â#¢&‡GG3¢òöv—F‡V"æ6öÒ÷f—FV§2÷f—FS÷7öç6÷#Ó ¢ÒÀ¢&÷F–öæÄFWVæFVæ6–W2#¢°¢&g6WfVçG2#¢'ã"ã2ã2 ¢ÒÀ¢'VW$FWVæFVæ6–W2#¢°¢$G—W2öæöFR#¢%ã#ã’ãÇÂãÓ#"ã"ã"À¢&¦—F’#¢#ãÓã#ã"À¢&ÆW72#¢%ãBãã"À¢&Æ–v‡Fæ–æv772#¢%ãã#ã"À¢'672#¢%ããsã"À¢'672ÖVÖ&VFFVB#¢%ããsã"À¢'7G–ÇW2#¢#ãÓãSBã‚"À¢'7Vv'72#¢%ãRãã"À¢'FW'6W"#¢%ãRãbã"À¢'G7‚#¢%ãBã‚ã"À¢'–ÖÂ#¢%ã"ãBã" ¢ÒÀ¢'VW$FWVæFVæ6–W4ÖWF#¢°¢$G—W2öæöFR#¢°¢&÷F–öæÂ#¢G'VP¢ÒÀ¢&¦—F’#¢°¢&÷F–öæÂ#¢G'VP¢ÒÀ¢&ÆW72#¢°¢&÷F–öæÂ#¢G'VP¢ÒÀ¢&Æ–v‡Fæ–æv772#¢°¢&÷F–öæÂ#¢G'VP¢ÒÀ¢'672#¢°¢&÷F–öæÂ#¢G'VP¢ÒÀ¢'672ÖVÖ&VFFVB#¢°¢&÷F–öæÂ#¢G'VP¢ÒÀ¢'7G–ÇW2#¢°¢&÷F–öæÂ#¢G'VP¢ÒÀ¢'7Vv'72#¢°¢&÷F–öæÂ#¢G'VP¢ÒÀ¢'FW'6W"#¢°¢&÷F–öæÂ#¢G'VP¢ÒÀ¢'G7‚#¢°¢&÷F–öæÂ#¢G'VP¢ÒÀ¢'–ÖÂ#¢°¢&÷F–öæÂ#¢G'VP¢Ð¢Ð¢ÒÀ¢&æöFUöÖöGVÆW2÷f—FRÖæöFR#¢°¢'fW'6–öâ#¢#2ã"ãB"À¢&FWb#¢G'VRÀ¢&Æ–6Vç6R#¢$Ô•B"À¢&FWVæFVæ6–W2#¢°¢&62#¢%ãbãrãB"À¢&FV'Vr#¢%ãBãBã"À¢&W2ÖÖöGVÆRÖÆW†W"#¢%ããrã"À¢'F†R#¢%ã"ãã2"À¢'f—FR#¢%ãRããÇÂãbããÇÂãrããÓ ¢ÒÀ¢&&–â#¢°¢'f—FRÖæöFR#¢'f—FRÖæöFRæÖ§2 ¢ÒÀ¢&Væv–æW2#¢°¢&æöFR#¢%ã‚ããÇÂã#ããÇÂãÓ#"ãã ¢ÒÀ¢&gVæF–ær#¢°¢'W&Â#¢&‡GG3¢òö÷Væ6öÆÆV7F—fRæ6öÒ÷f—FW7B ¢Ð¢ÒÀ¢&æöFUöÖöGVÆW2÷f—FW7B#¢°¢'fW'6–öâ#¢#2ã"ãr"À¢&FWb#¢G'VRÀ¢&Æ–6Vç6R#¢$Ô•B"À¢&FWVæFVæ6–W2#¢°¢$G—W2ö6†’#¢%ãRã"ã""À¢$f—FW7BöW‡V7B#¢#2ã"ãr"À¢$f—FW7BöÖö6¶W"#¢#2ã"ãr"À¢$f—FW7B÷&WGG’Öf÷&ÖB#¢%ã2ã"ãr"À¢$f—FW7B÷'VææW"#¢#2ã"ãr"À¢$f—FW7B÷6æ6†÷B#¢#2ã"ãr"À¢$f—FW7B÷7’#¢#2ã"ãr"À¢$f—FW7B÷WF–Ç2#¢#2ã"ãr"À¢&6†’#¢%ãRã"ã"À¢&FV'Vr#¢%ãBãBã"À¢&W‡V7B×G—R#¢%ãã"ã"À¢&Öv–2×7G&–ær#¢%ãã3ãr"À¢'F†R#¢%ã"ãã2"À¢'–6öÖF6‚#¢%ãBãã""À¢'7FBÖVçb#¢%ã2ã’ã"À¢'F–ç–&Væ6‚#¢%ã"ã’ã"À¢'F–ç–W†V2#¢%ãã2ã""À¢'F–ç–vÆö&'’#¢%ãã"ãB"À¢'F–ç—ööÂ#¢%ããã"À¢'F–ç—&–æ&÷r#¢%ã"ãã"À¢'f—FR#¢%ãRããÇÂãbããÇÂãrããÓ"À¢'f—FRÖæöFR#¢#2ã"ãB"À¢'v‡’Ö—2ÖæöFR×'Vææ–ær#¢%ã"ã2ã ¢ÒÀ¢&&–â#¢°¢'f—FW7B#¢'f—FW7BæÖ§2 ¢ÒÀ¢&Væv–æW2#¢°¢&æöFR#¢%ã‚ããÇÂã#ããÇÂãÓ#"ãã ¢ÒÀ¢&gVæF–ær#¢°¢'W&Â#¢&‡GG3¢òö÷Væ6öÆÆV7F—fRæ6öÒ÷f—FW7B ¢ÒÀ¢'VW$FWVæFVæ6–W2#¢°¢$VFvR×'VçF–ÖR÷fÒ#¢"¢"À¢$G—W2öFV'Vr#¢%ãBãã""À¢$G—W2öæöFR#¢%ã‚ããÇÂã#ããÇÂãÓ#"ãã"À¢$f—FW7Bö'&÷w6W"#¢#2ã"ãr"À¢$f—FW7B÷V’#¢#2ã"ãr"À¢&†’ÖFöÒ#¢"¢"À¢&§6FöÒ#¢"¢ ¢ÒÀ¢'VW$FWVæFVæ6–W4ÖWF#¢°¢$VFvR×'VçF–ÖR÷fÒ#¢°¢&÷F–öæÂ#¢G'VP¢ÒÀ¢$G—W2öFV'Vr#¢°¢&÷F–öæÂ#¢G'VP¢ÒÀ¢$G—W2öæöFR#¢°¢&÷F–öæÂ#¢G'VP¢ÒÀ¢$f—FW7Bö'&÷w6W"#¢°¢&÷F–öæÂ#¢G'VP¢ÒÀ¢$f—FW7B÷V’#¢°¢&÷F–öæÂ#¢G'VP¢ÒÀ¢&†’ÖFöÒ#¢°¢&÷F–öæÂ#¢G'VP¢ÒÀ¢&§6FöÒ#¢°¢&÷F–öæÂ#¢G'VP¢Ð¢Ð¢ÒÀ¢&æöFUöÖöGVÆW2÷v†–6‚#¢°¢'fW'6–öâ#¢#"ãã""À¢&Æ–6Vç6R#¢$•42"À¢&FWVæFVæ6–W2#¢°¢&—6W†R#¢%ã"ãã ¢ÒÀ¢&&–â#¢°¢&æöFR×v†–6‚#¢&&–âöæöFR×v†–6‚ ¢ÒÀ¢&Væv–æW2#¢°¢&æöFR#¢#ãÒ‚ ¢Ð¢ÒÀ¢&æöFUöÖöGVÆW2÷v‡’Ö—2ÖæöFR×'Vææ–ær#¢°¢'fW'6–öâ#¢#"ã2ã"À¢&FWb#¢G'VRÀ¢&Æ–6Vç6R#¢$Ô•B"À¢&FWVæFVæ6–W2#¢°¢'6–v–æfò#¢%ã"ãã"À¢'7F6¶&6²#¢#ãã" ¢ÒÀ¢&&–â#¢°¢'v‡’Ö—2ÖæöFR×'Vææ–ær#¢&6Æ’æ§2 ¢ÒÀ¢&Væv–æW2#¢°¢&æöFR#¢#ãÓ‚ ¢Ð¢ÒÀ¢&æöFUöÖöGVÆW2÷‡FVæB#¢°¢'fW'6–öâ#¢#Bãã""À¢'&W6öÇfVB#¢&‡GG3¢ò÷&Vv—7G'’æçÖ§2æ÷&r÷‡FVæBòÒ÷‡FVæBÓBãã"çFw¢"À¢&–çFVw&—G’#¢'6†S"ÔÄµ•S”„¥…Vt†ã•U&¦—R´Õv‡•U„‡7fgvÖ7U–Ó–E5T´³ô6§G%Wtd„Cƒ"öÔ5v'DÇ4v¤d–Ct—6öCG§%DUÓÒ"À¢&Æ–6Vç6R#¢$Ô•B"À¢&Væv–æW2#¢°¢&æöFR#¢#ãÓãB ¢Ð¢ÒÀ¢&æöFUöÖöGVÆW2÷¦öB#¢°¢'fW'6–öâ#¢#BãBã2"À¢&Æ–6Vç6R#¢$Ô•B"À¢&gVæF–ær#¢°¢'W&Â#¢&‡GG3¢òöv—F‡V"æ6öÒ÷7öç6÷'2ö6öÆ–æ†6·2 ¢Ð¢Ð¢Ð§Ð 