lockfileVersion: '9.0'

settings:
  autoInstallPeers: true
  excludeLinksFromLockfile: false

importers:

  .:
    dependencies:
      '@fastify/rate-limit':
        specifier: ^10.0.0
        version: 10.3.0
      '@fastify/static':
        specifier: ^8.0.0
        version: 8.3.0
      dotenv:
        specifier: ^17.0.0
        version: 17.4.2
      fastify:
        specifier: ^5.0.0
        version: 5.10.0
      pg:
        specifier: ^8.16.3
        version: 8.22.0
      zod:
        specifier: ^4.0.0
        version: 4.4.3
    devDependencies:
      '@types/node':
        specifier: ^24.0.0
        version: 24.13.3
      '@types/pg':
        specifier: ^8.15.5
        version: 8.20.0
      tsx:
        specifier: ^4.20.0
        version: 4.23.1
      typescript:
        specifier: ^5.8.0
        version: 5.9.3
      vitest:
        specifier: ^3.2.0
        version: 3.2.7(@types/node@24.13.3)(tsx@4.23.1)

packages:

  '@esbuild/aix-ppc64@0.28.1':
    resolution: {integrity: sha512-Svl7tq8k/08+p6CXPpRjQ1fKX+1odH/BQbb48fV6fj3CWHhsoIOoY87w1oHXm0qEpkIK3ZfVgp0hed3XBXzXMQ==}
    engines: {node: '>=18'}
    cpu: [ppc64]
    os: [aix]

  '@esbuild/android-arm64@0.28.1':
    resolution: {integrity: sha512-34EGEbCIAgosYz6goLcopX6Mo7NyGv9tfwEM2/7Ce2VcVRk568iSvniGWcUXIy7wEDR1wzolcxcriFVrWYcwBg==}
    engines: {node: '>=18'}
    cpu: [arm64]
    os: [android]

  '@esbuild/android-arm@0.28.1':
    resolution: {integrity: sha512-0k2F129Xdio1TdJfzJ8sy1Q47vUD2NnwdhiAf7drUN1EBTfPf4hsFCtmMgu/6m8JSzsBrlmVjudMBQqOfG8usQ==}
    engines: {node: '>=18'}
    cpu: [arm]
    os: [android]

  '@esbuild/android-x64@0.28.1':
    resolution: {integrity: sha512-dbwY7ltSMDWsRatcRpCnES4F+im88OCUgGZjy52shC7GqHRE/cYlxNbB4Z4UpJswpcc4Qxd2oE/ufM0p61IKng==}
    engines: {node: '>=18'}
    cpu: [x64]
    os: [android]

  '@esbuild/darwin-arm64@0.28.1':
    resolution: {integrity: sha512-TZbWkQY7kvTAXbXUT7uVACR5cMHsDiSz9z7ZKAX/RTq/WJEk3QyRr0wZpNhBDX+/0CtdqUIJlOiodQcta6tY3Q==}
    engines: {node: '>=18'}
    cpu: [arm64]
    os: [darwin]

  '@esbuild/darwin-x64@0.28.1':
    resolution: {integrity: sha512-zfdzgK9ACBNZLI/CyHTOx81SyNbM6YXn7rxSgX97VjyiPl9W1i4Ka4fgKECEoFCKGpvBj5qArWIGgQjOwkgskQ==}
    engines: {node: '>=18'}
    cpu: [x64]
    os: [darwin]

  '@esbuild/freebsd-arm64@0.28.1':
    resolution: {integrity: sha512-wG2EA8ENdEI0qhkSZMjfqrdY+ziCYCPMmtZjjIwOmXFjmyzEHn+UUxk5of+SYsjtfs3VpnlC7QLzSI5hY/rOAw==}
    engines: {node: '>=18'}
    cpu: [arm64]
    os: [freebsd]

  '@esbuild/freebsd-x64@0.28.1':
    resolution: {integrity: sha512-i7dZ9vQgnvSCzi/rYCXNgtF/U+eKZNJBzu3eTQbRgHnM7tNSizLOkRFAl3qzVc/Op/u5YkHHa4pf/3DOYHthLQ==}
    engines: {node: '>=18'}
    cpu: [x64]
    os: [freebsd]

  '@esbuild/linux-arm64@0.28.1':
    resolution: {integrity: sha512-yHs+0uc8+nvEAfAfxrWQKK5peSNzBc4PegcMO0EJ2hT71uA7vB8Ihg2e77R2P7SG5uYjPbHlLLmve4LLLRCf0g==}
    engines: {node: '>=18'}
    cpu: [arm64]
    os: [linux]

  '@esbuild/linux-arm@0.28.1':
    resolution: {integrity: sha512-qVXBOHQS+d5Y722GwJzJUtOLlX7km3CraOaGormF1pDtPd2C/l1SHRPgjLunLGe51Sh5YYWKMFDyV4SxgMQYTQ==}
    engines: {node: '>=18'}
    cpu: [arm]
    os: [linux]

  '@esbuild/linux-ia32@0.28.1':
    resolution: {integrity: sha512-d1z4ZuP0ajrfz/FhGT4vv278rX8KnPPJx8i5+AtK7TYbx9Le9F1hyzurZpkEyjkGa9dUGhQow4C1NmeGvqxN2w==}
    engines: {node: '>=18'}
    cpu: [ia32]
    os: [linux]

  '@esbuild/linux-loong64@0.28.1':
    resolution: {integrity: sha512-M5sRjUVZrkm1OAPR3dlOYzNmN+loZKGVi1VUQGrwuqLcbR6qeAz+famMhjASeH3YVKvZz+zT1jlh/keC3Rj/lg==}
    engines: {node: '>=18'}
    cpu: [loong64]
    os: [linux]

  '@esbuild/linux-mips64el@0.28.1':
    resolution: {integrity: sha512-mRObBZeHh2OxcBFPWE/FjylkRgZdYuiTR3vaTozquCGOH14iP9oN4x4Ge81CoIDYQrXmIxpFumJBu5MtZpnQJQ==}
    engines: {node: '>=18'}
    cpu: [mips64el]
    os: [linux]

  '@esbuild/linux-ppc64@0.28.1':
    resolution: {integrity: sha512-slScBsMAb3GFDcdrCgLwZtPYRoH2H/youv10QiZyRjmsP48fznoveWytSgCI/R0ZcUgpc0ZhIUEx6LHts8yrfQ==}
    engines: {node: '>=18'}
    cpu: [ppc64]
    os: [linux]

  '@esbuild/linux-riscv64@0.28.1':
    resolution: {integrity: sha512-kw0owk1o0GFETUJyW0jc0G4Yzs0BHZn0JDZ8JRT088vjJYX777BAs1fDGxAC+q831qOs2DTC96mNsG2opdfyyQ==}
    engines: {node: '>=18'}
    cpu: [riscv64]
    os: [linux]

  '@esbuild/linux-s390x@0.28.1':
    resolution: {integrity: sha512-/lAIjX8aYFRByhh6L5rYtPEDRqa9de/4V/juOXcta5frjvzXO4/sqEtyytse0g3zZFuWu5cDN0MkLz2qRDD2Ag==}
    engines: {node: '>=18'}
    cpu: [s390x]
    os: [linux]

  '@esbuild/linux-x64@0.28.1':
    resolution: {integrity: sha512-u/anNYF2mmVOEDwLtnQ1wOr3EZ9sTNGLWrsYGYwHWzGA3Si84IOkHXlbWTD1NB+9/1lcnweYKO54uhxZydNzfA==}
    engines: {node: '>=18'}
    cpu: [x64]
    os: [linux]

  '@esbuild/netbsd-arm64@0.28.1':
    resolution: {integrity: sha512-oks0DYbLwWMmaakTsCb+zL4E+aHRVLom9IJZOAthMQEPiQmydXHkziYEsGYRx0uNV/IjEKGAV941JzH02pflqw==}
    engines: {node: '>=18'}
    cpu: [arm64]
    os: [netbsd]

  '@esbuild/netbsd-x64@0.28.1':
    resolution: {integrity: sha512-aeL6lAnN89Hz43Mlh1G8ARasbuoYvSITDEx0tHh5b7jJnHcssqgjy9Yx430GDpmCa6OyrKoS0aNRjKundRizGg==}
    engineuÛm·¶‰žËkºwµçHÛØŽˆLKŒKŒ‚ˆ	Ð\ØXXÜËØÛ]ZPKŒŒ	ÎˆßB‚ˆ	ÐœšYÙ]Ù[ÜÛÝ\˜Ù[X\XÛÙXÐKKIÎˆßB‚ˆ	ÐZÙYYÛ\Ð‹ŒŒ‰ÎˆßB‚ˆ	Ð[›ÚœËÜ™YXÝŒ	ÎˆßB‚ˆ	Ð›Û\Ü›Û\X[™›ÚYX\›KYXXšPŒ‹Œ‰Î‚ˆÜ[Û˜[ˆYB‚ˆ	Ð›Û\Ü›Û\X[™›ÚYX\›MŒ‹Œ‰Î‚ˆÜ[Û˜[ˆYB‚ˆ	Ð›Û\Ü›Û\Y\Ú[‹X\›MŒ‹Œ‰Î‚ˆÜ[Û˜[ˆYB‚ˆ	Ð›Û\Ü›Û\Y\Ú[‹^Œ‹Œ‰Î‚ˆÜ[Û˜[ˆYB‚ˆ	Ð›Û\Ü›Û\Yœ™YXœÙX\›MŒ‹Œ‰Î‚ˆÜ[Û˜[ˆYB‚ˆ	Ð›Û\Ü›Û\Yœ™YXœÙ^Œ‹Œ‰Î‚ˆÜ[Û˜[ˆYB‚ˆ	Ð›Û\Ü›Û\[[^X\›KYÛYXXšZŒ‹Œ‰Î‚ˆÜ[Û˜[ˆYB‚ˆ	Ð›Û\Ü›Û\[[^X\›K[]\ÛXXšZŒ‹Œ‰Î‚ˆÜ[Û˜[ˆYB‚ˆ	Ð›Û\Ü›Û\[[^X\›MYÛPŒ‹Œ‰Î‚ˆÜ[Û˜[ˆYB‚ˆ	Ð›Û\Ü›Û\[[^X\›M[]\ÛŒ‹Œ‰Î‚ˆÜ[Û˜[ˆYB‚ˆ	Ð›Û\Ü›Û\[[^[ÛÛ™ÍYÛPŒ‹Œ‰Î‚ˆÜ[Û˜[ˆYB‚ˆ	Ð›Û\Ü›Û\[[^[ÛÛ™Í[]\ÛŒ‹Œ‰Î‚ˆÜ[Û˜[ˆYB‚ˆ	Ð›Û\Ü›Û\[[^\ÍYÛPŒ‹Œ‰Î‚ˆÜ[Û˜[ˆYB‚ˆ	Ð›Û\Ü›Û\[[^\Í[]\ÛŒ‹Œ‰Î‚ˆÜ[Û˜[ˆYB‚ˆ	Ð›Û\Ü›Û\[[^\š\ØÝYÛPŒ‹Œ‰Î‚ˆÜ[Û˜[ˆYB‚ˆ	Ð›Û\Ü›Û\[[^\š\ØÝ[]\ÛŒ‹Œ‰Î‚ˆÜ[Û˜[ˆYB‚ˆ	Ð›Û\Ü›Û\[[^\ÌÎLYÛPŒ‹Œ‰Î‚ˆÜ[Û˜[ˆYB‚ˆ	Ð›Û\Ü›Û\[[^^YÛPŒ‹Œ‰Î‚ˆÜ[Û˜[ˆYB‚ˆ	Ð›Û\Ü›Û\[[^^[]\ÛŒ‹Œ‰Î‚ˆÜ[Û˜[ˆYB‚ˆ	Ð›Û\Ü›Û\[Ü[˜œÙ^Œ‹Œ‰Î‚ˆÜ[Û˜[ˆYB‚ˆ	Ð›Û\Ü›Û\[Ü[š\›[ÛžKX\›MŒ‹Œ‰Î‚ˆÜ[Û˜[ˆYB‚ˆ	Ð›Û\Ü›Û\]Ú[ŒÌ‹X\›M[\Ý˜ÐŒ‹Œ‰Î‚ˆÜ[Û˜[ˆYB‚ˆ	Ð›Û\Ü›Û\]Ú[ŒÌ‹ZXLÌ‹[\Ý˜ÐŒ‹Œ‰Î‚ˆÜ[Û˜[ˆYB‚ˆ	Ð›Û\Ü›Û\]Ú[ŒÌ‹^YÛPŒ‹Œ‰Î‚ˆÜ[Û˜[ˆYB‚ˆ	Ð›Û\Ü›Û\]Ú[ŒÌ‹^[\Ý˜ÐŒ‹Œ‰Î‚ˆÜ[Û˜[ˆYB‚ˆ	Ð\\ËØÚZPKŒ‹ŒÉÎ‚ˆ\[™[˜ÚY\Î‚ˆ	Ð\\ËÙY\Y\[	ÎˆŒŒ‚ˆ\ÜÙ\[Û‹Y\œ›ÜŽˆ‹ŒŒB‚ˆ	Ð\\ËÙY\Y\[ŒŒ‰ÎˆßB‚ˆ	Ð\\ËÙ\Ý™YPKŒŽIÎˆßB‚ˆ	Ð\\ËÛ›ÙPŒLËŒÉÎ‚ˆ\[™[˜ÚY\Î‚ˆ[™XÚK]\\ÎˆËŒNŒ‚‚ˆ	Ð\\ËÜÐŒŒŒ	Î‚ˆ\[™[˜ÚY\Î‚ˆ	Ð\\ËÛ›ÙIÎˆŒLËŒÂˆË\›ÝØÛÛˆKŒMKŒˆË]\\Îˆ‹Œ‹Œ‚ˆ	Ðš]\ÝÙ^XÝËŒ‹ÉÎ‚ˆ\[™[˜ÚY\Î‚ˆ	Ð\\ËØÚZIÎˆKŒ‹ŒÂˆ	Ðš]\ÝÜÜIÎˆËŒ‹Âˆ	Ðš]\ÝÝ][ÉÎˆËŒ‹ÂˆÚZNˆKŒËŒÂˆ[ž\˜Z[˜›ÝÎˆ‹ŒŒ‚ˆ	Ðš]\ÝÛ[ØÚÙ\ËŒ‹Êš]PËŒËŠ\\ËÛ›ÙPŒLËŒÊJÞŒŒËŒJJIÎ‚ˆ\[™[˜ÚY\Î‚ˆ	Ðš]\ÝÜÜIÎˆËŒ‹Âˆ\Ý™YK]Ø[Ù\ŽˆËŒŒÂˆXYÚXË\Ýš[™ÎˆŒÌŒŒBˆÜ[Û˜[\[™[˜ÚY\Î‚ˆš]NˆËŒËŠ\\ËÛ›ÙPŒLËŒÊJÞŒŒËŒJB‚ˆ	Ðš]\ÝÜ™]KY›Ü›X]ËŒ‹ÉÎ‚ˆ\[™[˜ÚY\Î‚ˆ[ž\˜Z[˜›ÝÎˆ‹ŒŒ‚ˆ	Ðš]\ÝÜ[›™\ËŒ‹ÉÎ‚ˆ\[™[˜ÚY\Î‚ˆ	Ðš]\ÝÝ][ÉÎˆËŒ‹Âˆ]Nˆ‹ŒŒÂˆÝš\[]\˜[ˆËŒKŒ‚ˆ	Ðš]\ÝÜÛ˜\ÚÝËŒ‹ÉÎ‚ˆ\[™[˜ÚY\Î‚ˆ	Ðš]\ÝÜ™]KY›Ü›X]	ÎˆËŒ‹ÂˆXYÚXË\Ýš[™ÎˆŒÌŒŒBˆ]Nˆ‹ŒŒÂ‚ˆ	Ðš]\ÝÜÜPËŒ‹ÉÎ‚ˆ\[™[˜ÚY\Î‚ˆ[ž\ÜNˆŒ‚ˆ	Ðš]\ÝÝ][ÐËŒ‹ÉÎ‚ˆ\[™[˜ÚY\Î‚ˆ	Ðš]\ÝÜ™]KY›Ü›X]	ÎˆËŒ‹ÂˆÝ\NˆËŒ‹ŒBˆ[ž\˜Z[˜›ÝÎˆ‹ŒŒ‚ˆXœÝ˜XÝ[ÙÙÚ[™Ð‹ŒŒNˆßB‚ˆZ‹Y›Ü›X]ÐËŒŒJZŒŒŒ
N‚ˆÜ[Û˜[\[™[˜ÚY\Î‚ˆZŽˆŒŒŒ‚ˆZŒŒŒ‚ˆ\[™[˜ÚY\Î‚ˆ˜\ÝYY\Y\]X[ˆËŒKŒÂˆ˜\Ý]\šNˆËŒKˆœÛÛ‹\ØÚ[XK]˜]™\œÙNˆKŒŒˆ™\]Z\™KYœ›ÛK\Ýš[™Îˆ‹ŒŒ‚‚ˆ\ÜÙ\[Û‹Y\œ›Ü‹ŒŒNˆßB‚ˆ]ÛZXË\ÛY\KŒŒˆßB‚ˆ]š[ÐKŒËŒ‚ˆ\[™[˜ÚY\Î‚ˆ	Ð˜\ÝYžKÙ\œ›Ü‰ÎˆŒ‹Œˆ˜\ÝNˆKŒŒŒB‚ˆ˜[[˜ÙY[X]ÚŒˆßB‚ˆœ˜XÙKY^[œÚ[ÛKŒŽ‚ˆ\[™[˜ÚY\Î‚ˆ˜[[˜ÙY[X]ÚˆŒ‚ˆØXÐ‹ËŒMˆßB‚ˆÚZPKŒËŒÎ‚ˆ\[™[˜ÚY\Î‚ˆ\ÜÙ\[Û‹Y\œ›ÜŽˆ‹ŒŒBˆÚXÚËY\œ›ÜŽˆ‹ŒKŒÂˆY\Y\[ˆKŒŒ‚ˆÝ\NˆËŒ‹ŒBˆ]˜[ˆ‹ŒŒB‚ˆÚXÚËY\œ›Ü‹ŒKŒÎˆßB‚ˆÛÛ[Y\ÜÜÚ][ÛK‚ˆ\[™[˜ÚY\Î‚ˆØY™KXY™™\ŽˆKŒ‹ŒB‚ˆÛÛÚÚYPKŒKŒNˆßB‚ˆÜ›ÜÜË\Ü]ÛËŒŽ‚ˆ\[™[˜ÚY\Î‚ˆ]ZÙ^NˆËŒKŒBˆÚX˜[™ËXÛÛ[X[™ˆ‹ŒŒˆÚXÚˆ‹ŒŒ‚‚ˆXYÐŒÎ‚ˆ\[™[˜ÚY\Î‚ˆ\Îˆ‹ŒKŒÂ‚ˆY\Y\[KŒŒŽˆßB‚ˆ\‹ŒŒˆßB‚ˆ\]X[‹ŒŒÎˆßB‚ˆÝ[MËŒŽˆßB‚ˆ\Ë[[Ù[K[^\KËŒˆßB‚ˆ\ØZ[ŒŽŒN‚ˆÜ[Û˜[\[™[˜ÚY\Î‚ˆ	Ð\ØZ[ØZ^\Í	ÎˆŒŽŒBˆ	Ð\ØZ[Ø[™›ÚYX\›IÎˆŒŽŒBˆ	Ð\ØZ[Ø[™›ÚYX\›M	ÎˆŒŽŒBˆ	Ð\ØZ[Ø[™›ÚY^	ÎˆŒŽŒBˆ	Ð\ØZ[Ù\Ú[‹X\›M	ÎˆŒŽŒBˆ	Ð\ØZ[Ù\Ú[‹^	ÎˆŒŽŒBˆ	Ð\ØZ[Ùœ™YXœÙX\›M	ÎˆŒŽŒBˆ	Ð\ØZ[Ùœ™YXœÙ^	ÎˆŒŽŒBˆ	Ð\ØZ[Û[^X\›IÎˆŒŽŒBˆ	Ð\ØZ[Û[^X\›M	ÎˆŒŽŒBˆ	Ð\ØZ[Û[^ZXLÌ‰ÎˆŒŽŒBˆ	Ð\ØZ[Û[^[ÛÛ™Í	ÎˆŒŽŒBˆ	Ð\ØZ[Û[^[Z\Í[	ÎˆŒŽŒBˆ	Ð\ØZ[Û[^\Í	ÎˆŒŽŒBˆ	Ð\ØZ[Û[^\š\ØÝ	ÎˆŒŽŒBˆ	Ð\ØZ[Û[^\ÌÎL	ÎˆŒŽŒBˆ	Ð\ØZ[Û[^^	ÎˆŒŽŒBˆ	Ð\ØZ[Û™]œÙX\›M	ÎˆŒŽŒBˆ	Ð\ØZ[Û™]œÙ^	ÎˆŒŽŒBˆ	Ð\ØZ[ÛÜ[˜œÙX\›M	ÎˆŒŽŒBˆ	Ð\ØZ[ÛÜ[˜œÙ^	ÎˆŒŽŒBˆ	Ð\ØZ[ÛÜ[š\›[ÛžKX\›M	ÎˆŒŽŒBˆ	Ð\ØZ[ÜÝ[›ÜË^	ÎˆŒŽŒBˆ	Ð\ØZ[ÝÚ[ŒÌ‹X\›M	ÎˆŒŽŒBˆ	Ð\ØZ[ÝÚ[ŒÌ‹ZXLÌ‰ÎˆŒŽŒBˆ	Ð\ØZ[ÝÚ[ŒÌ‹^	ÎˆŒŽŒB‚ˆ\ØØ\KZ[KŒŒÎˆßB‚ˆ\Ý™YK]Ø[Ù\ËŒŒÎ‚ˆ\[™[˜ÚY\Î‚ˆ	Ð\\ËÙ\Ý™YIÎˆKŒŽB‚ˆ^XÝ]\PKŒˆßB‚ˆ˜\ÝYXÛÙK]\šKXÛÛ\Û™[KŒŒNˆßB‚ˆ˜\ÝYY\Y\]X[ËŒKŒÎˆßB‚ˆ˜\ÝZœÛÛ‹\Ýš[™ÚYžPËŒŒN‚ˆ\[™[˜ÚY\Î‚ˆ	Ð˜\ÝYžKÛY\™ÙKZœÛÛ‹\ØÚ[X\ÉÎˆŒ‹ŒBˆZŽˆŒŒŒˆZ‹Y›Ü›X]ÎˆËŒŒJZŒŒŒ
Bˆ˜\Ý]\šNˆŒKŒBˆœÛÛ‹\ØÚ[XK\™Y‹\™\ÛÛ™\ŽˆËŒŒˆ™™ÎˆKŒB‚ˆ˜\Ý\]Y\ž\Ýš[™ÐKŒKŒŽ‚ˆ\[™[˜ÚY\Î‚ˆ˜\ÝYXÛÙK]\šKXÛÛ\Û™[ˆKŒŒB‚ˆ˜\Ý]\šPËŒKˆßB‚ˆ˜\Ý]\šPŒKŒNˆßB‚ˆ˜\ÝYžK\YÚ[KŒKŒˆßB‚ˆ˜\ÝYžPKŒLŒ‚ˆ\[™[˜ÚY\Î‚ˆ	Ð˜\ÝYžKØZ‹XÛÛ\[\‰ÎˆŒBˆ	Ð˜\ÝYžKÙ\œ›Ü‰ÎˆŒ‹Œˆ	Ð˜\ÝYžKÙ˜\ÝZœÛÛ‹\Ýš[™ÚYžKXÛÛ\[\‰ÎˆKŒKŒˆ	Ð˜\ÝYžKÜ›ÞKXY‰ÎˆKŒKŒˆXœÝ˜XÝ[ÙÙÚ[™Îˆ‹ŒŒBˆ]š[ÎˆKŒËŒˆ˜\ÝZœÛÛ‹\Ýš[™ÚYžNˆËŒŒBˆš[™[^K]Ø^NˆKËŒˆYÚ[^K\™\]Y\Ýˆ‹‹Œˆ[›ÎˆLŒËŒBˆ›ØÙ\ÜË]Ø\›š[™ÎˆKŒŒˆ™™ÎˆKŒBˆÙXÝ\™KZœÛÛ‹\\œÙNˆŒKŒˆÙ[]™\ŽˆËŽBˆØYXØXÚNˆËË‚ˆ˜\ÝPKŒŒŒN‚ˆ\[™[˜ÚY\Î‚ˆ™]\ÚYžNˆKŒKŒ‚ˆ™\‹KŒ
XÛÛX]ÚŒJN‚ˆÜ[Û˜[\[™[˜ÚY\Î‚ˆXÛÛX]ÚˆŒB‚ˆš[™[^K]Ø^PKËŒ‚ˆ\[™[˜ÚY\Î‚ˆ˜\ÝYY\Y\]X[ˆËŒKŒÂˆ˜\Ý\]Y\ž\Ýš[™ÎˆKŒKŒ‚ˆØY™K\™YÙ^ŽˆKŒKŒB‚ˆ›Ü™YÜ›Ý[™XÚ[ËŒËŒN‚ˆ\[™[˜ÚY\Î‚ˆÜ›ÜÜË\Ü]ÛŽˆËŒ‚ˆÚYÛ˜[Y^]ˆŒKŒ‚ˆœÙ]™[Ð‹ŒËŒÎ‚ˆÜ[Û˜[ˆYB‚ˆÛØLKŒKŒ‚ˆ\[™[˜ÚY\Î‚ˆ›Ü™YÜ›Ý[™XÚ[ˆËŒËŒBˆ˜XÚÜÜXZÎˆŒ‹ŒÂˆZ[š[X]ÚˆLŒ‹BˆZ[š\\ÜÎˆËŒKŒÂˆXÚØYÙKZœÛÛ‹Yœ›ÛKY\ÝˆKŒŒBˆ]\ØÝ\œžNˆ‹ŒŒ‚‚ˆY\œ›ÜœÐ‹ŒŒN‚ˆ\[™[˜ÚY\Î‚ˆ\ˆ‹ŒŒˆ[š\š]Îˆ‹ŒˆÙ]›ÝÝ\[ÙŽˆKŒ‹ŒˆÝ]\Ù\Îˆ‹ŒŒ‚ˆÚY[YšY\ŽˆKŒŒB‚ˆ[š\š]Ð‹ŒˆßB‚ˆ\Y‹šœÐ‹ŒˆßB‚ˆ\Ù^P‹ŒŒˆßB‚ˆ˜XÚÜÜXZÐŒ‹ŒÎ‚ˆ\[™[˜ÚY\Î‚ˆ	Ð\ØXXÜËØÛ]ZIÎˆKŒŒ‚ˆœË]ÚÙ[œÐKŒŒNˆßB‚ˆœÛÛ‹\ØÚ[XK\™Y‹\™\ÛÛ™\ËŒŒ‚ˆ\[™[˜ÚY\Î‚ˆ\]X[ˆ‹ŒŒÂ‚ˆœÛÛ‹\ØÚ[XK]˜]™\œÙPKŒŒˆßB‚ˆYÚ[^K\™\]Y\Ý‹‹Œ‚ˆ\[™[˜ÚY\Î‚ˆÛÛÚÚYNˆKŒKŒBˆ›ØÙ\ÜË]Ø\›š[™ÎˆŒŒBˆÙ]XÛÛÚÚYK\\œÙ\Žˆ‹ËŒ‚‚ˆÝ\PËŒ‹ŒNˆßB‚ˆKXØXÚPLKKŒŽˆßB‚ˆXYÚXË\Ýš[™ÐŒÌŒŒN‚ˆ\[™[˜ÚY\Î‚ˆ	ÐœšYÙ]Ù[ÜÛÝ\˜Ù[X\XÛÙXÉÎˆKKB‚ˆZ[YPËŒŒˆßB‚ˆZ[š[X]ÚLŒ‹N‚ˆ\[™[˜ÚY\Î‚ˆœ˜XÙKY^[œÚ[ÛŽˆKŒŽ‚ˆZ[š\\ÜÐËŒKŒÎˆßB‚ˆ\Ð‹ŒKŒÎˆßB‚ˆ˜[›ÚYËŒËŒMŽˆßB‚ˆÛ‹Y^][XZËYœ™YP‹ŒKŒŽˆßB‚ˆXÚØYÙKZœÛÛ‹Yœ›ÛKY\ÝKŒŒNˆßB‚ˆ]ZÙ^PËŒKŒNˆßB‚ˆ]\ØÝ\œžP‹ŒŒŽ‚ˆ\[™[˜ÚY\Î‚ˆKXØXÚNˆLKKŒ‚ˆZ[š\\ÜÎˆËŒKŒÂ‚ˆ]P‹ŒŒÎˆßB‚ˆ]˜[‹ŒŒNˆßB‚ˆËXÛÝY›\™PKŒ‚ˆÜ[Û˜[ˆYB‚ˆËXÛÛ›™XÝ[Û‹\Ýš[™Ð‹ŒMŒˆßB‚ˆËZ[KŒŒNˆßB‚ˆË\ÛÛËŒMŒ
ÐŒŒ‹Œ
N‚ˆ\[™[˜ÚY\Î‚ˆÎˆŒŒ‹Œ‚ˆË\›ÝØÛÛKŒMKŒˆßB‚ˆË]\\Ð‹Œ‹Œ‚ˆ\[™[˜ÚY\Î‚ˆËZ[ˆKŒŒBˆÜÝÜ™\ËX\œ˜^Nˆ‹ŒŒˆÜÝÜ™\ËXž]XNˆKŒŒBˆÜÝÜ™\ËY]NˆKŒÂˆÜÝÜ™\ËZ[\˜[ˆKŒ‹Œ‚ˆÐŒŒ‹Œ‚ˆ\[™[˜ÚY\Î‚ˆËXÛÛ›™XÝ[Û‹\Ýš[™Îˆ‹ŒMŒˆË\ÛÛˆËŒMŒ
ÐŒŒ‹Œ
BˆË\›ÝØÛÛˆKŒMKŒˆË]\\Îˆ‹Œ‹ŒˆÜ\ÜÎˆKŒBˆÜ[Û˜[\[™[˜ÚY\Î‚ˆËXÛÝY›\™NˆKŒ‚ˆÜ\ÜÐKŒN‚ˆ\[™[˜ÚY\Î‚ˆÜ]ŽˆŒ‹Œ‚ˆXÛØÛÛÜœÐKŒKŒNˆßB‚ˆXÛÛX]ÚŒNˆßB‚ˆ[›ËXXœÝ˜XÝ]˜[œÜÜËŒŒ‚ˆ\[™[˜ÚY\Î‚ˆÜ]ŽˆŒ‹Œ‚ˆ[›Ë\Ý\Ù\šX[^™\œÐËŒKŒˆßB‚ˆ[›ÐLŒËŒN‚ˆ\[™[˜ÚY\Î‚ˆ	Ð[›ÚœËÜ™YXÝ	ÎˆŒˆ]ÛZXË\ÛY\ˆKŒŒˆÛ‹Y^][XZËYœ™YNˆ‹ŒKŒ‚ˆ[›ËXXœÝ˜XÝ]˜[œÜÜˆËŒŒˆ[›Ë\Ý\Ù\šX[^™\œÎˆËŒKŒˆ›ØÙ\ÜË]Ø\›š[™ÎˆKŒŒˆ]ZXÚËY›Ü›X]][™\ØØ\YˆŒˆ™X[\™\]Z\™NˆŒ‹ŒˆØY™K\ÝX›K\Ýš[™ÚYžNˆ‹KŒˆÛÛšXËX›ÛÛNˆŒ‹ŒBˆ™XY\Ý™X[NˆŒ‹Œ‚ˆÜÝÜÜÐKŒŒÎ‚ˆ\[™[˜ÚY\Î‚ˆ˜[›ÚYˆËŒËŒM‚ˆXÛØÛÛÜœÎˆKŒKŒBˆÛÝ\˜ÙK[X\ZœÎˆKŒ‹ŒB‚ˆÜÝÜ™\ËX\œ˜^P‹ŒŒˆßB‚ˆÜÝÜ™\ËXž]XPKŒŒNˆßB‚ˆÜÝÜ™\ËY]PKŒÎˆßB‚ˆÜÝÜ™\ËZ[\˜[KŒ‹Œ‚ˆ\[™[˜ÚY\Î‚ˆ[™ˆŒŒ‚‚ˆ›ØÙ\ÜË]Ø\›š[™ÐŒŒNˆßB‚ˆ›ØÙ\ÜË]Ø\›š[™ÐKŒŒˆßB‚ˆ]ZXÚËY›Ü›X]][™\ØØ\YŒˆßB‚ˆ™X[\™\]Z\™PŒ‹ŒˆßB‚ˆ™X[\™\]Z\™PKŒŒˆßB‚ˆ™\]Z\™KYœ›ÛK\Ýš[™Ð‹ŒŒŽˆßB‚ˆ™]KŒˆßB‚ˆ™]\ÚYžPKŒKŒˆßB‚ˆ™™ÐKŒNˆßB‚ˆ›Û\Œ‹ŒŽ‚ˆ\[™[˜ÚY\Î‚ˆ	Ð\\ËÙ\Ý™YIÎˆKŒŽBˆÜ[Û˜[\[™[˜ÚY\Î‚ˆ	Ð›Û\Ü›Û\X[™›ÚYX\›KYXXšIÎˆŒ‹Œ‚ˆ	Ð›Û\Ü›Û\X[™›ÚYX\›M	ÎˆŒ‹Œ‚ˆ	Ð›Û\Ü›Û\Y\Ú[‹X\›M	ÎˆŒ‹Œ‚ˆ	Ð›Û\Ü›Û\Y\Ú[‹^	ÎˆŒ‹Œ‚ˆ	Ð›Û\Ü›Û\Yœ™YXœÙX\›M	ÎˆŒ‹Œ‚ˆ	Ð›Û\Ü›Û\Yœ™YXœÙ^	ÎˆŒ‹Œ‚ˆ	Ð›Û\Ü›Û\[[^X\›KYÛYXXšZ‰ÎˆŒ‹Œ‚ˆ	Ð›Û\Ü›Û\[[^X\›K[]\ÛXXšZ‰ÎˆŒ‹Œ‚ˆ	Ð›Û\Ü›Û\[[^X\›MYÛIÎˆŒ‹Œ‚ˆ	Ð›Û\Ü›Û\[[^X\›M[]\Û	ÎˆŒ‹Œ‚ˆ	Ð›Û\Ü›Û\[[^[ÛÛ™ÍYÛIÎˆŒ‹Œ‚ˆ	Ð›Û\Ü›Û\[[^[ÛÛ™Í[]\Û	ÎˆŒ‹Œ‚ˆ	Ð›Û\Ü›Û\[[^\ÍYÛIÎˆŒ‹Œ‚ˆ	Ð›Û\Ü›Û\[[^\Í[]\Û	ÎˆŒ‹Œ‚ˆ	Ð›Û\Ü›Û\[[^\š\ØÝYÛIÎˆŒ‹Œ‚ˆ	Ð›Û\Ü›Û\[[^\š\ØÝ[]\Û	ÎˆŒ‹Œ‚ˆ	Ð›Û\Ü›Û\[[^\ÌÎLYÛIÎˆŒ‹Œ‚ˆ	Ð›Û\Ü›Û\[[^^YÛIÎˆŒ‹Œ‚ˆ	Ð›Û\Ü›Û\[[^^[]\Û	ÎˆŒ‹Œ‚ˆ	Ð›Û\Ü›Û\[Ü[˜œÙ^	ÎˆŒ‹Œ‚ˆ	Ð›Û\Ü›Û\[Ü[š\›[ÛžKX\›M	ÎˆŒ‹Œ‚ˆ	Ð›Û\Ü›Û\]Ú[ŒÌ‹X\›M[\Ý˜ÉÎˆŒ‹Œ‚ˆ	Ð›Û\Ü›Û\]Ú[ŒÌ‹ZXLÌ‹[\Ý˜ÉÎˆŒ‹Œ‚ˆ	Ð›Û\Ü›Û\]Ú[ŒÌ‹^YÛIÎˆŒ‹Œ‚ˆ	Ð›Û\Ü›Û\]Ú[ŒÌ‹^[\Ý˜ÉÎˆŒ‹Œ‚ˆœÙ]™[Îˆ‹ŒËŒÂ‚ˆØY™KXY™™\KŒ‹ŒNˆßB‚ˆØY™K\™YÙ^KŒKŒN‚ˆ\[™[˜ÚY\Î‚ˆ™]ˆKŒ‚ˆØY™K\ÝX›K\Ýš[™ÚYžP‹KŒˆßB‚ˆÙXÝ\™KZœÛÛ‹\\œÙPŒKŒˆßB‚ˆÙ[]™\ËŽNˆßB‚ˆÙ]XÛÛÚÚYK\\œÙ\‹ËŒŽˆßB‚ˆÙ]›ÝÝ\[ÙKŒ‹ŒˆßB‚ˆÚX˜[™ËXÛÛ[X[™‹ŒŒ‚ˆ\[™[˜ÚY\Î‚ˆÚX˜[™Ë\™YÙ^ˆËŒŒ‚ˆÚX˜[™Ë\™YÙ^ËŒŒˆßB‚ˆÚYÚ[™›Ð‹ŒŒˆßB‚ˆÚYÛ˜[Y^]ŒKŒˆßB‚ˆÛÛšXËX›ÛÛPŒ‹ŒN‚ˆ\[™[˜ÚY\Î‚ˆ]ÛZXË\ÛY\ˆKŒŒ‚ˆÛÝ\˜ÙK[X\ZœÐKŒ‹ŒNˆßB‚ˆÜ]Œ‹ŒˆßB‚ˆÝXÚØ˜XÚÐŒŒŽˆßB‚ˆÝ]\Ù\Ð‹ŒŒŽˆßB‚ˆÝY[ËŒLŒˆßB‚ˆÝš\[]\˜[ËŒKŒ‚ˆ\[™[˜ÚY\Î‚ˆœË]ÚÙ[œÎˆKŒŒB‚ˆ™XY\Ý™X[PŒ‹Œ‚ˆ\[™[˜ÚY\Î‚ˆ™X[\™\]Z\™NˆKŒŒ‚ˆ[žX™[˜Ú‹ŽKŒˆßB‚ˆ[žY^XÐŒËŒŽˆßB‚ˆ[žYÛØ˜žPŒ‹ŒMÎ‚ˆ\[™[˜ÚY\Î‚ˆ™\Žˆ‹KŒ
XÛÛX]ÚŒJBˆXÛÛX]ÚˆŒB‚ˆ[ž\ÛÛKŒKŒNˆßB‚ˆ[ž\˜Z[˜›ÝÐ‹ŒŒˆßB‚ˆ[ž\ÜPŒˆßB‚ˆØYXØXÚPËËˆßB‚ˆÚY[YšY\KŒŒNˆßB‚ˆÞŒŒËŒN‚ˆ\[™[˜ÚY\Î‚ˆ\ØZ[ˆŒŽŒBˆÜ[Û˜[\[™[˜ÚY\Î‚ˆœÙ]™[Îˆ‹ŒËŒÂ‚ˆ\\ØÜš\KŽKŒÎˆßB‚ˆ[™XÚK]\\ÐËŒNŒŽˆßB‚ˆš]K[›ÙPËŒ‹
\\ËÛ›ÙPŒLËŒÊJÞŒŒËŒJN‚ˆ\[™[˜ÚY\Î‚ˆØXÎˆ‹ËŒMˆXYÎˆŒÂˆ\Ë[[Ù[K[^\ŽˆKËŒˆ]Nˆ‹ŒŒÂˆš]NˆËŒËŠ\\ËÛ›ÙPŒLËŒÊJÞŒŒËŒJBˆ˜[œÚ]]™TY\‘\[™[˜ÚY\Î‚ˆH	Ð\\ËÛ›ÙIÂˆHš]BˆH\ÜÂˆHYÚš[™ØÜÜÂˆHØ\ÜÂˆHØ\ÜËY[X™YYˆHÝ[\ÂˆHÝYØ\œÜÂˆHÝ\ÜËXÛÛÜ‚ˆH\œÙ\‚ˆHÞˆHX[[‚ˆš]PËŒËŠ\\ËÛ›ÙPŒLËŒÊJÞŒŒËŒJN‚ˆ\[™[˜ÚY\Î‚ˆ\ØZ[ˆŒŽŒBˆ™\Žˆ‹KŒ
XÛÛX]ÚŒJBˆXÛÛX]ÚˆŒBˆÜÝÜÜÎˆKŒŒÂˆ›Û\ˆŒ‹Œ‚ˆ[žYÛØ˜žNˆŒ‹ŒMÂˆÜ[Û˜[\[™[˜ÚY\Î‚ˆ	Ð\\ËÛ›ÙIÎˆŒLËŒÂˆœÙ]™[Îˆ‹ŒËŒÂˆÞˆŒŒËŒB‚ˆš]\ÝËŒ‹Ê\\ËÛ›ÙPŒLËŒÊJÞŒŒËŒJN‚ˆ\[™[˜ÚY\Î‚ˆ	Ð\\ËØÚZIÎˆKŒ‹ŒÂˆ	Ðš]\ÝÙ^XÝ	ÎˆËŒ‹Âˆ	Ðš]\ÝÛ[ØÚÙ\‰ÎˆËŒ‹Êš]PËŒËŠ\\ËÛ›ÙPŒLËŒÊJÞŒŒËŒJJBˆ	Ðš]\ÝÜ™]KY›Ü›X]	ÎˆËŒ‹Âˆ	Ðš]\ÝÜ[›™\‰ÎˆËŒ‹Âˆ	Ðš]\ÝÜÛ˜\ÚÝ	ÎˆËŒ‹Âˆ	Ðš]\ÝÜÜIÎˆËŒ‹Âˆ	Ðš]\ÝÝ][ÉÎˆËŒ‹ÂˆÚZNˆKŒËŒÂˆXYÎˆŒÂˆ^XÝ]\NˆKŒˆXYÚXË\Ýš[™ÎˆŒÌŒŒBˆ]Nˆ‹ŒŒÂˆXÛÛX]ÚˆŒBˆÝY[ŽˆËŒLŒˆ[žX™[˜Úˆ‹ŽKŒˆ[žY^XÎˆŒËŒ‚ˆ[žYÛØ˜žNˆŒ‹ŒMÂˆ[ž\ÛÛˆKŒKŒBˆ[ž\˜Z[˜›ÝÎˆ‹ŒŒˆš]NˆËŒËŠ\\ËÛ›ÙPŒLËŒÊJÞŒŒËŒJBˆš]K[›ÙNˆËŒ‹
\\ËÛ›ÙPŒLËŒÊJÞŒŒËŒJBˆÚKZ\Ë[›ÙK\[›š[™Îˆ‹ŒËŒˆÜ[Û˜[\[™[˜ÚY\Î‚ˆ	Ð\\ËÛ›ÙIÎˆŒLËŒÂˆ˜[œÚ]]™TY\‘\[™[˜ÚY\Î‚ˆHš]BˆH\ÜÂˆHYÚš[™ØÜÜÂˆH\ÝÂˆHØ\ÜÂˆHØ\ÜËY[X™YYˆHÝ[\ÂˆHÝYØ\œÜÂˆHÝ\ÜËXÛÛÜ‚ˆH\œÙ\‚ˆHÞˆHX[[‚ˆÚXÚ‹ŒŒŽ‚ˆ\[™[˜ÚY\Î‚ˆ\Ù^Nˆ‹ŒŒ‚ˆÚKZ\Ë[›ÙK\[›š[™Ð‹ŒËŒ‚ˆ\[™[˜ÚY\Î‚ˆÚYÚ[™›Îˆ‹ŒŒˆÝXÚØ˜XÚÎˆŒŒ‚‚ˆ[™ŒŒŽˆßB‚ˆ›ÙŒÎˆßB